// !$*UTF8*$!
{
	archiveVersion = 1;
	classes = {
	};
	objectVersion = 50;
	objects = {

/* Begin PBXAggregateTarget section */
		1AA4AB6F21BE4DF600C636F5 /* Ker.framework */ = {
			isa = PBXAggregateTarget;
			buildConfigurationList = 1AA4AB7021BE4DF600C636F5 /* Build configuration list for PBXAggregateTarget "Ker.framework" */;
			buildPhases = (
				1AA4AB7521BE4DFE00C636F5 /* ShellScript */,
			);
			dependencies = (
				1AA4AB7421BE4DFB00C636F5 /* PBXTargetDependency */,
			);
			name = Ker.framework;
			productName = Ker.framework;
		};
/* End PBXAggregateTarget section */

/* Begin PBXBuildFile section */
		1A3AF07021E76454001C8759 /* ssl.cc in Sources */ = {isa = PBXBuildFile; fileRef = 1AFDAF7921E6EAC2000FAAE9 /* ssl.cc */; };
		1A3AF07321EC7F0B001C8759 /* WebSocket.h in Headers */ = {isa = PBXBuildFile; fileRef = 1A3AF07121EC7F0B001C8759 /* WebSocket.h */; };
		1A3AF07421EC7F0B001C8759 /* WebSocket.cc in Sources */ = {isa = PBXBuildFile; fileRef = 1A3AF07221EC7F0B001C8759 /* WebSocket.cc */; };
		1A3F5FAD21F7102600675633 /* BlockElement.h in Headers */ = {isa = PBXBuildFile; fileRef = 1A3F5FAB21F7102600675633 /* BlockElement.h */; };
		1A3F5FAE21F7102600675633 /* BlockElement.cc in Sources */ = {isa = PBXBuildFile; fileRef = 1A3F5FAC21F7102600675633 /* BlockElement.cc */; };
		1A3F5FB121F72CB400675633 /* ImageElement.h in Headers */ = {isa = PBXBuildFile; fileRef = 1A3F5FAF21F72CB400675633 /* ImageElement.h */; };
		1A3F5FB221F72CB400675633 /* ImageElement.cc in Sources */ = {isa = PBXBuildFile; fileRef = 1A3F5FB021F72CB400675633 /* ImageElement.cc */; };
		1A3F5FB621FAEDD100675633 /* screen.h in Headers */ = {isa = PBXBuildFile; fileRef = 1A3F5FB421FAEDD100675633 /* screen.h */; };
		1A3F5FB721FAEDD100675633 /* screen.cc in Sources */ = {isa = PBXBuildFile; fileRef = 1A3F5FB521FAEDD100675633 /* screen.cc */; };
		1A53C6C421B8C8D500170AB7 /* KerPageWindowController.h in Headers */ = {isa = PBXBuildFile; fileRef = 1A53C6C221B8C8D500170AB7 /* KerPageWindowController.h */; settings = {ATTRIBUTES = (Public, ); }; };
		1A53C6C521B8C8D500170AB7 /* KerPageWindowController.m in Sources */ = {isa = PBXBuildFile; fileRef = 1A53C6C321B8C8D500170AB7 /* KerPageWindowController.m */; };
		1A53C6E821B8EA2D00170AB7 /* KerURLProtocol.h in Headers */ = {isa = PBXBuildFile; fileRef = 1A53C6E621B8EA2D00170AB7 /* KerURLProtocol.h */; settings = {ATTRIBUTES = (Public, ); }; };
		1A53C6E921B8EA2D00170AB7 /* KerURLProtocol.m in Sources */ = {isa = PBXBuildFile; fileRef = 1A53C6E721B8EA2D00170AB7 /* KerURLProtocol.m */; };
		1A53C6F821BE154300170AB7 /* UIImage+Ker.h in Headers */ = {isa = PBXBuildFile; fileRef = 1A53C6F621BE154300170AB7 /* UIImage+Ker.h */; settings = {ATTRIBUTES = (Public, ); }; };
		1A53C6F921BE154300170AB7 /* UIImage+Ker.mm in Sources */ = {isa = PBXBuildFile; fileRef = 1A53C6F721BE154300170AB7 /* UIImage+Ker.mm */; };
		1AA4AB4521BE30BC00C636F5 /* package.cc in Sources */ = {isa = PBXBuildFile; fileRef = 1AA4AB4421BE30BC00C636F5 /* package.cc */; };
		1AA4AC0921BF5B3600C636F5 /* sqlite.cc in Sources */ = {isa = PBXBuildFile; fileRef = 1AA4AC0821BF5B3600C636F5 /* sqlite.cc */; };
		1AA4AC0B21BF65E300C636F5 /* libsqlite3.tbd in Frameworks */ = {isa = PBXBuildFile; fileRef = 1AA4AC0A21BF65E300C636F5 /* libsqlite3.tbd */; };
		1AA4AC3A21BFBC3A00C636F5 /* mztools.c in Sources */ = {isa = PBXBuildFile; fileRef = 1AA4AC2E21BFBC3900C636F5 /* mztools.c */; };
		1AA4AC3C21BFBC3A00C636F5 /* unzip.c in Sources */ = {isa = PBXBuildFile; fileRef = 1AA4AC3021BFBC3900C636F5 /* unzip.c */; };
		1AA4AC3D21BFBC3A00C636F5 /* unzip.h in Headers */ = {isa = PBXBuildFile; fileRef = 1AA4AC3121BFBC3900C636F5 /* unzip.h */; };
		1AA4AC3E21BFBC3A00C636F5 /* zip.c in Sources */ = {isa = PBXBuildFile; fileRef = 1AA4AC3221BFBC3A00C636F5 /* zip.c */; };
		1AA4AC3F21BFBC3A00C636F5 /* zip.h in Headers */ = {isa = PBXBuildFile; fileRef = 1AA4AC3321BFBC3A00C636F5 /* zip.h */; };
		1AA4AC4021BFBC3A00C636F5 /* ioapi.c in Sources */ = {isa = PBXBuildFile; fileRef = 1AA4AC3421BFBC3A00C636F5 /* ioapi.c */; };
		1AA4AC4121BFBC3A00C636F5 /* minizip.c in Sources */ = {isa = PBXBuildFile; fileRef = 1AA4AC3521BFBC3A00C636F5 /* minizip.c */; };
		1AA4AC4221BFBC3A00C636F5 /* mztools.h in Headers */ = {isa = PBXBuildFile; fileRef = 1AA4AC3621BFBC3A00C636F5 /* mztools.h */; };
		1AA4AC4321BFBC3A00C636F5 /* ioapi.h in Headers */ = {isa = PBXBuildFile; fileRef = 1AA4AC3721BFBC3A00C636F5 /* ioapi.h */; };
		1AA4AC4421BFBC3A00C636F5 /* crypt.h in Headers */ = {isa = PBXBuildFile; fileRef = 1AA4AC3821BFBC3A00C636F5 /* crypt.h */; };
		1AA4AC4721C21B2A00C636F5 /* crypto.cc in Sources */ = {isa = PBXBuildFile; fileRef = 1AA4AC4621C21B2A00C636F5 /* crypto.cc */; };
		1AE0927C21EDB18200133215 /* archiver.h in Headers */ = {isa = PBXBuildFile; fileRef = 1AE0927A21EDB18200133215 /* archiver.h */; };
		1AE0927D21EDB18200133215 /* archiver.cc in Sources */ = {isa = PBXBuildFile; fileRef = 1AE0927B21EDB18200133215 /* archiver.cc */; };
		1AE0928121EDBEDA00133215 /* document.h in Headers */ = {isa = PBXBuildFile; fileRef = 1AE0927F21EDBEDA00133215 /* document.h */; };
		1AE0928221EDBEDA00133215 /* document.cc in Sources */ = {isa = PBXBuildFile; fileRef = 1AE0928021EDBEDA00133215 /* document.cc */; };
		1AE0928521EDC31E00133215 /* element.h in Headers */ = {isa = PBXBuildFile; fileRef = 1AE0928321EDC31E00133215 /* element.h */; };
		1AE0928621EDC31E00133215 /* element.cc in Sources */ = {isa = PBXBuildFile; fileRef = 1AE0928421EDC31E00133215 /* element.cc */; };
		1AE0928921EDDA5600133215 /* StyleElement.h in Headers */ = {isa = PBXBuildFile; fileRef = 1AE0928721EDDA5600133215 /* StyleElement.h */; };
		1AE0928A21EDDA5600133215 /* StyleElement.cc in Sources */ = {isa = PBXBuildFile; fileRef = 1AE0928821EDDA5600133215 /* StyleElement.cc */; };
		1AE0928D21EDDC6C00133215 /* LayoutElement.h in Headers */ = {isa = PBXBuildFile; fileRef = 1AE0928B21EDDC6C00133215 /* LayoutElement.h */; };
		1AE0928E21EDDC6C00133215 /* LayoutElement.cc in Sources */ = {isa = PBXBuildFile; fileRef = 1AE0928C21EDDC6C00133215 /* LayoutElement.cc */; };
		1AE0929121EDF78C00133215 /* ViewElement.h in Headers */ = {isa = PBXBuildFile; fileRef = 1AE0928F21EDF78C00133215 /* ViewElement.h */; };
		1AE0929221EDF78C00133215 /* ViewElement.cc in Sources */ = {isa = PBXBuildFile; fileRef = 1AE0929021EDF78C00133215 /* ViewElement.cc */; };
		1AE0929C21F56A8A00133215 /* KerView.h in Headers */ = {isa = PBXBuildFile; fileRef = 1AE0929A21F56A8A00133215 /* KerView.h */; };
		1AE0929D21F56A8A00133215 /* KerView.mm in Sources */ = {isa = PBXBuildFile; fileRef = 1AE0929B21F56A8A00133215 /* KerView.mm */; };
		1AE092A021F56F2300133215 /* PageElement.h in Headers */ = {isa = PBXBuildFile; fileRef = 1AE0929E21F56F2300133215 /* PageElement.h */; };
		1AE092A121F56F2300133215 /* PageElement.cc in Sources */ = {isa = PBXBuildFile; fileRef = 1AE0929F21F56F2300133215 /* PageElement.cc */; };
		1AE092A421F6C6EF00133215 /* duk_config_debug.h in Headers */ = {isa = PBXBuildFile; fileRef = 1AE092A321F6C6EF00133215 /* duk_config_debug.h */; };
		1AE91CBF21CB7AC80055C932 /* zombies.cc in Sources */ = {isa = PBXBuildFile; fileRef = 1AE91CBE21CB7AC80055C932 /* zombies.cc */; };
		1AE91CC921D741C90055C932 /* KerWeak.h in Headers */ = {isa = PBXBuildFile; fileRef = 1AE91CC721D741C90055C932 /* KerWeak.h */; };
		1AE91CCA21D741C90055C932 /* KerWeak.m in Sources */ = {isa = PBXBuildFile; fileRef = 1AE91CC821D741C90055C932 /* KerWeak.m */; };
		1AE91CCD21DC92290055C932 /* http.cc in Sources */ = {isa = PBXBuildFile; fileRef = 1AE91CCC21DC92290055C932 /* http.cc */; };
		1AE91CD021DCA1660055C932 /* uri.cc in Sources */ = {isa = PBXBuildFile; fileRef = 1AE91CCF21DCA1660055C932 /* uri.cc */; };
		1AE91CD221DCB2510055C932 /* KerHttp.mm in Sources */ = {isa = PBXBuildFile; fileRef = 1AE91CD121DCB2510055C932 /* KerHttp.mm */; };
		1AE91CD521DDB84D0055C932 /* KerStrong.h in Headers */ = {isa = PBXBuildFile; fileRef = 1AE91CD321DDB84D0055C932 /* KerStrong.h */; settings = {ATTRIBUTES = (Public, ); }; };
		1AE91CD621DDB84D0055C932 /* KerStrong.mm in Sources */ = {isa = PBXBuildFile; fileRef = 1AE91CD421DDB84D0055C932 /* KerStrong.mm */; };
		1AE91CDC21DE00770055C932 /* KerUI.mm in Sources */ = {isa = PBXBuildFile; fileRef = 1AE91CDB21DE00770055C932 /* KerUI.mm */; };
		1AE91CDF21DE0A6C0055C932 /* KerUI.h in Headers */ = {isa = PBXBuildFile; fileRef = 1AE91CDD21DE0A6C0055C932 /* KerUI.h */; settings = {ATTRIBUTES = (Public, ); }; };
		1AF0658D219D516000F8F7A8 /* Ker.h in Headers */ = {isa = PBXBuildFile; fileRef = 1AF0658B219D516000F8F7A8 /* Ker.h */; settings = {ATTRIBUTES = (Public, ); }; };
		1AF065A3219D518200F8F7A8 /* dispatch-GCD.cc in Sources */ = {isa = PBXBuildFile; fileRef = 1AF06594219D518200F8F7A8 /* dispatch-GCD.cc */; };
		1AF065A4219D518200F8F7A8 /* bio.h in Headers */ = {isa = PBXBuildFile; fileRef = 1AF06595219D518200F8F7A8 /* bio.h */; };
		1AF065A5219D518200F8F7A8 /* event.h in Headers */ = {isa = PBXBuildFile; fileRef = 1AF06596219D518200F8F7A8 /* event.h */; };
		1AF065A7219D518200F8F7A8 /* container.h in Headers */ = {isa = PBXBuildFile; fileRef = 1AF06598219D518200F8F7A8 /* container.h */; };
		1AF065A8219D518200F8F7A8 /* kk.h in Headers */ = {isa = PBXBuildFile; fileRef = 1AF06599219D518200F8F7A8 /* kk.h */; };
		1AF065A9219D518200F8F7A8 /* bio.cc in Sources */ = {isa = PBXBuildFile; fileRef = 1AF0659A219D518200F8F7A8 /* bio.cc */; };
		1AF065AA219D518200F8F7A8 /* kk.cc in Sources */ = {isa = PBXBuildFile; fileRef = 1AF0659B219D518200F8F7A8 /* kk.cc */; };
		1AF065AB219D518200F8F7A8 /* timer.h in Headers */ = {isa = PBXBuildFile; fileRef = 1AF0659C219D518200F8F7A8 /* timer.h */; };
		1AF065AC219D518200F8F7A8 /* jit.h in Headers */ = {isa = PBXBuildFile; fileRef = 1AF0659D219D518200F8F7A8 /* jit.h */; };
		1AF065AD219D518200F8F7A8 /* timer.cc in Sources */ = {isa = PBXBuildFile; fileRef = 1AF0659E219D518200F8F7A8 /* timer.cc */; };
		1AF065AE219D518200F8F7A8 /* dispatch.h in Headers */ = {isa = PBXBuildFile; fileRef = 1AF0659F219D518200F8F7A8 /* dispatch.h */; };
		1AF065AF219D518200F8F7A8 /* event.cc in Sources */ = {isa = PBXBuildFile; fileRef = 1AF065A0219D518200F8F7A8 /* event.cc */; };
		1AF065B0219D518200F8F7A8 /* jit.cc in Sources */ = {isa = PBXBuildFile; fileRef = 1AF065A1219D518200F8F7A8 /* jit.cc */; };
		1AF065B6219D51C000F8F7A8 /* duktape.h in Headers */ = {isa = PBXBuildFile; fileRef = 1AF065B3219D51C000F8F7A8 /* duktape.h */; };
		1AF065B7219D51C000F8F7A8 /* duktape.c in Sources */ = {isa = PBXBuildFile; fileRef = 1AF065B4219D51C000F8F7A8 /* duktape.c */; };
		1AF065B8219D51C000F8F7A8 /* duk_config.h in Headers */ = {isa = PBXBuildFile; fileRef = 1AF065B5219D51C000F8F7A8 /* duk_config.h */; };
		1AF065C4219D52AC00F8F7A8 /* page.h in Headers */ = {isa = PBXBuildFile; fileRef = 1AF065BA219D52AC00F8F7A8 /* page.h */; };
		1AF065C5219D52AC00F8F7A8 /* ui.h in Headers */ = {isa = PBXBuildFile; fileRef = 1AF065BB219D52AC00F8F7A8 /* ui.h */; };
		1AF065C6219D52AC00F8F7A8 /* view.cc in Sources */ = {isa = PBXBuildFile; fileRef = 1AF065BC219D52AC00F8F7A8 /* view.cc */; };
		1AF065C7219D52AC00F8F7A8 /* app.cc in Sources */ = {isa = PBXBuildFile; fileRef = 1AF065BD219D52AC00F8F7A8 /* app.cc */; };
		1AF065C8219D52AC00F8F7A8 /* app.h in Headers */ = {isa = PBXBuildFile; fileRef = 1AF065BE219D52AC00F8F7A8 /* app.h */; };
		1AF065C9219D52AC00F8F7A8 /* view.h in Headers */ = {isa = PBXBuildFile; fileRef = 1AF065BF219D52AC00F8F7A8 /* view.h */; };
		1AF065CA219D52AC00F8F7A8 /* ui.cc in Sources */ = {isa = PBXBuildFile; fileRef = 1AF065C0219D52AC00F8F7A8 /* ui.cc */; };
		1AF065CB219D52AC00F8F7A8 /* CGContext.cc in Sources */ = {isa = PBXBuildFile; fileRef = 1AF065C1219D52AC00F8F7A8 /* CGContext.cc */; };
		1AF065CC219D52AC00F8F7A8 /* page.cc in Sources */ = {isa = PBXBuildFile; fileRef = 1AF065C2219D52AC00F8F7A8 /* page.cc */; };
		1AF065CD219D52AC00F8F7A8 /* CGContext.h in Headers */ = {isa = PBXBuildFile; fileRef = 1AF065C3219D52AC00F8F7A8 /* CGContext.h */; };
		1AF065CF219D52E200F8F7A8 /* KerViewProtocol.h in Headers */ = {isa = PBXBuildFile; fileRef = 1AF065CE219D52E200F8F7A8 /* KerViewProtocol.h */; settings = {ATTRIBUTES = (Public, ); }; };
		1AF065D1219D535A00F8F7A8 /* CGContext.mm in Sources */ = {isa = PBXBuildFile; fileRef = 1AF065D0219D535A00F8F7A8 /* CGContext.mm */; };
		1AF065D3219D536700F8F7A8 /* UI.h in Headers */ = {isa = PBXBuildFile; fileRef = 1AF065D2219D536700F8F7A8 /* UI.h */; };
		1AF065D5219D536D00F8F7A8 /* Image.mm in Sources */ = {isa = PBXBuildFile; fileRef = 1AF065D4219D536D00F8F7A8 /* Image.mm */; };
		1AF065D7219D537600F8F7A8 /* View.mm in Sources */ = {isa = PBXBuildFile; fileRef = 1AF065D6219D537600F8F7A8 /* View.mm */; };
		1AF065DA219D53CC00F8F7A8 /* UIKit.framework in Frameworks */ = {isa = PBXBuildFile; fileRef = 1AF065D9219D53CC00F8F7A8 /* UIKit.framework */; };
		1AF065DC219D53DA00F8F7A8 /* CoreGraphics.framework in Frameworks */ = {isa = PBXBuildFile; fileRef = 1AF065DB219D53DA00F8F7A8 /* CoreGraphics.framework */; };
		1AF065DF219D53EB00F8F7A8 /* KerObject.mm in Sources */ = {isa = PBXBuildFile; fileRef = 1AF065DD219D53EA00F8F7A8 /* KerObject.mm */; };
		1AF065E0219D53EB00F8F7A8 /* KerObject.h in Headers */ = {isa = PBXBuildFile; fileRef = 1AF065DE219D53EA00F8F7A8 /* KerObject.h */; settings = {ATTRIBUTES = (Public, ); }; };
		1AF065E7219D54AC00F8F7A8 /* KerPage.mm in Sources */ = {isa = PBXBuildFile; fileRef = 1AF065E5219D54AC00F8F7A8 /* KerPage.mm */; };
		1AF065E8219D54AC00F8F7A8 /* KerPage.h in Headers */ = {isa = PBXBuildFile; fileRef = 1AF065E6219D54AC00F8F7A8 /* KerPage.h */; settings = {ATTRIBUTES = (Public, ); }; };
		1AF065EB219D54E600F8F7A8 /* KerPageViewController.m in Sources */ = {isa = PBXBuildFile; fileRef = 1AF065E9219D54E600F8F7A8 /* KerPageViewController.m */; };
		1AF065EC219D54E600F8F7A8 /* KerPageViewController.h in Headers */ = {isa = PBXBuildFile; fileRef = 1AF065EA219D54E600F8F7A8 /* KerPageViewController.h */; settings = {ATTRIBUTES = (Public, ); }; };
		1AF065F9219D555E00F8F7A8 /* UIScrollView+KerViewProtocol.h in Headers */ = {isa = PBXBuildFile; fileRef = 1AF065ED219D555C00F8F7A8 /* UIScrollView+KerViewProtocol.h */; };
		1AF065FB219D555E00F8F7A8 /* UITextField+KerViewProtocol.h in Headers */ = {isa = PBXBuildFile; fileRef = 1AF065EF219D555C00F8F7A8 /* UITextField+KerViewProtocol.h */; };
		1AF065FC219D555E00F8F7A8 /* UITextView+KerViewProtocol.mm in Sources */ = {isa = PBXBuildFile; fileRef = 1AF065F0219D555D00F8F7A8 /* UITextView+KerViewProtocol.mm */; };
		1AF065FD219D555E00F8F7A8 /* UIView+KerViewProtocol.h in Headers */ = {isa = PBXBuildFile; fileRef = 1AF065F1219D555D00F8F7A8 /* UIView+KerViewProtocol.h */; settings = {ATTRIBUTES = (Public, ); }; };
		1AF065FE219D555E00F8F7A8 /* UITextView+KerViewProtocol.h in Headers */ = {isa = PBXBuildFile; fileRef = 1AF065F2219D555D00F8F7A8 /* UITextView+KerViewProtocol.h */; };
		1AF065FF219D555E00F8F7A8 /* UIView+KerViewProtocol.mm in Sources */ = {isa = PBXBuildFile; fileRef = 1AF065F3219D555D00F8F7A8 /* UIView+KerViewProtocol.mm */; };
		1AF06600219D555E00F8F7A8 /* UIScrollView+KKViewProtocol.mm in Sources */ = {isa = PBXBuildFile; fileRef = 1AF065F4219D555D00F8F7A8 /* UIScrollView+KKViewProtocol.mm */; };
		1AF06601219D555E00F8F7A8 /* WKWebView+KerViewProtocol.h in Headers */ = {isa = PBXBuildFile; fileRef = 1AF065F5219D555D00F8F7A8 /* WKWebView+KerViewProtocol.h */; };
		1AF06602219D555E00F8F7A8 /* WKWebView+KerViewProtocol.mm in Sources */ = {isa = PBXBuildFile; fileRef = 1AF065F6219D555E00F8F7A8 /* WKWebView+KerViewProtocol.mm */; };
		1AF06604219D555E00F8F7A8 /* UITextField+KerViewProtocol.mm in Sources */ = {isa = PBXBuildFile; fileRef = 1AF065F8219D555E00F8F7A8 /* UITextField+KerViewProtocol.mm */; };
		1AF06606219D567400F8F7A8 /* WebKit.framework in Frameworks */ = {isa = PBXBuildFile; fileRef = 1AF06605219D567400F8F7A8 /* WebKit.framework */; };
		1AF4CE3121A56A2000AE1249 /* UIFont+Ker.h in Headers */ = {isa = PBXBuildFile; fileRef = 1AF4CE2F21A56A2000AE1249 /* UIFont+Ker.h */; settings = {ATTRIBUTES = (Public, ); }; };
		1AF4CE3221A56A2000AE1249 /* UIFont+Ker.mm in Sources */ = {isa = PBXBuildFile; fileRef = 1AF4CE3021A56A2000AE1249 /* UIFont+Ker.mm */; };
		1AF4CE3521A56B5A00AE1249 /* UIColor+Ker.h in Headers */ = {isa = PBXBuildFile; fileRef = 1AF4CE3321A56B5A00AE1249 /* UIColor+Ker.h */; settings = {ATTRIBUTES = (Public, ); }; };
		1AF4CE3621A56B5A00AE1249 /* UIColor+Ker.mm in Sources */ = {isa = PBXBuildFile; fileRef = 1AF4CE3421A56B5A00AE1249 /* UIColor+Ker.mm */; };
		1AF4CE3921A56DF600AE1249 /* UILabel+KerViewProtocol.h in Headers */ = {isa = PBXBuildFile; fileRef = 1AF4CE3721A56DF600AE1249 /* UILabel+KerViewProtocol.h */; settings = {ATTRIBUTES = (Public, ); }; };
		1AF4CE3A21A56DF600AE1249 /* UILabel+KerViewProtocol.mm in Sources */ = {isa = PBXBuildFile; fileRef = 1AF4CE3821A56DF600AE1249 /* UILabel+KerViewProtocol.mm */; };
		1AFDAD2A21E327C7000FAAE9 /* storage.cc in Sources */ = {isa = PBXBuildFile; fileRef = 1AFDAD2921E327C7000FAAE9 /* storage.cc */; };
		1AFDAD2D21E34FBB000FAAE9 /* debugger.cc in Sources */ = {isa = PBXBuildFile; fileRef = 1AFDAD2C21E34FBB000FAAE9 /* debugger.cc */; };
		1AFDAF7221E4AC8A000FAAE9 /* net.cc in Sources */ = {isa = PBXBuildFile; fileRef = 1AFDAF7021E4AC8A000FAAE9 /* net.cc */; };
		1AFDAF7321E4AC8A000FAAE9 /* net.h in Headers */ = {isa = PBXBuildFile; fileRef = 1AFDAF7121E4AC8A000FAAE9 /* net.h */; };
		1AFDAF7A21E6EAC2000FAAE9 /* ssl.h in Headers */ = {isa = PBXBuildFile; fileRef = 1AFDAF7821E6EAC2000FAAE9 /* ssl.h */; };
		AC9BE91221F9770400D58282 /* audio.h in Headers */ = {isa = PBXBuildFile; fileRef = AC9BE91021F9770400D58282 /* audio.h */; };
		AC9BE91321F9770400D58282 /* audio.cc in Sources */ = {isa = PBXBuildFile; fileRef = AC9BE91121F9770400D58282 /* audio.cc */; };
		AC9BE91521F97E6500D58282 /* audio_AudioToolbox.cc in Sources */ = {isa = PBXBuildFile; fileRef = AC9BE91421F97E6500D58282 /* audio_AudioToolbox.cc */; };
		AC9BE91921F9952200D58282 /* KerAudioSession.mm in Sources */ = {isa = PBXBuildFile; fileRef = AC9BE91721F9952200D58282 /* KerAudioSession.mm */; };
		AC9BE91C21F99B2F00D58282 /* speex.h in Headers */ = {isa = PBXBuildFile; fileRef = AC9BE91A21F99B2F00D58282 /* speex.h */; };
		AC9BE91D21F99B2F00D58282 /* speex.cc in Sources */ = {isa = PBXBuildFile; fileRef = AC9BE91B21F99B2F00D58282 /* speex.cc */; };
		AC9BE91F21F99CA100D58282 /* libspeex.a in Frameworks */ = {isa = PBXBuildFile; fileRef = AC9BE91E21F99CA100D58282 /* libspeex.a */; };
		AC9BE92221F9A1A400D58282 /* stream.h in Headers */ = {isa = PBXBuildFile; fileRef = AC9BE92021F9A1A400D58282 /* stream.h */; };
		AC9BE92321F9A1A400D58282 /* stream.cc in Sources */ = {isa = PBXBuildFile; fileRef = AC9BE92121F9A1A400D58282 /* stream.cc */; };
		AC9BE92521F9B6C200D58282 /* libspeexdsp.a in Frameworks */ = {isa = PBXBuildFile; fileRef = AC9BE92421F9B6C200D58282 /* libspeexdsp.a */; };
		AC9BE93221FB3C7C00D58282 /* AudioToolbox.framework in Frameworks */ = {isa = PBXBuildFile; fileRef = AC9BE93121FB3C7C00D58282 /* AudioToolbox.framework */; };
		AC9BE93321FB3CAA00D58282 /* AVFoundation.framework in Frameworks */ = {isa = PBXBuildFile; fileRef = AC9BE90B21F9532000D58282 /* AVFoundation.framework */; };
		AC9BE95021FBE8BF00D58282 /* file.h in Headers */ = {isa = PBXBuildFile; fileRef = AC9BE94E21FBE8BF00D58282 /* file.h */; };
		AC9BE95121FBE8BF00D58282 /* file.cc in Sources */ = {isa = PBXBuildFile; fileRef = AC9BE94F21FBE8BF00D58282 /* file.cc */; };
		ACB2A50621FF12E700C07902 /* BarElement.h in Headers */ = {isa = PBXBuildFile; fileRef = ACB2A50421FF12E700C07902 /* BarElement.h */; };
		ACB2A50721FF12E700C07902 /* BarElement.cc in Sources */ = {isa = PBXBuildFile; fileRef = ACB2A50521FF12E700C07902 /* BarElement.cc */; };
		ACD6575521EE819E00D63256 /* TextElement.h in Headers */ = {isa = PBXBuildFile; fileRef = ACD6575321EE819E00D63256 /* TextElement.h */; };
		ACD6575621EE819E00D63256 /* TextElement.cc in Sources */ = {isa = PBXBuildFile; fileRef = ACD6575421EE819E00D63256 /* TextElement.cc */; };
/* End PBXBuildFile section */

/* Begin PBXContainerItemProxy section */
		1AA4AB7321BE4DFB00C636F5 /* PBXContainerItemProxy */ = {
			isa = PBXContainerItemProxy;
			containerPortal = 1AF0657F219D516000F8F7A8 /* Project object */;
			proxyType = 1;
			remoteGlobalIDString = 1AF06587219D516000F8F7A8;
			remoteInfo = Ker;
		};
/* End PBXContainerItemProxy section */

/* Begin PBXFileReference section */
		1A3AF07121EC7F0B001C8759 /* WebSocket.h */ = {isa = PBXFileReference; lastKnownFileType = sourcecode.c.h; path = WebSocket.h; sourceTree = "<group>"; };
		1A3AF07221EC7F0B001C8759 /* WebSocket.cc */ = {isa = PBXFileReference; lastKnownFileType = sourcecode.cpp.cpp; path = WebSocket.cc; sourceTree = "<group>"; };
		1A3F5FAB21F7102600675633 /* BlockElement.h */ = {isa = PBXFileReference; lastKnownFileType = sourcecode.c.h; path = BlockElement.h; sourceTree = "<group>"; };
		1A3F5FAC21F7102600675633 /* BlockElement.cc */ = {isa = PBXFileReference; lastKnownFileType = sourcecode.cpp.cpp; path = BlockElement.cc; sourceTree = "<group>"; };
		1A3F5FAF21F72CB400675633 /* ImageElement.h */ = {isa = PBXFileReference; lastKnownFileType = sourcecode.c.h; path = ImageElement.h; sourceTree = "<group>"; };
		1A3F5FB021F72CB400675633 /* ImageElement.cc */ = {isa = PBXFileReference; lastKnownFileType = sourcecode.cpp.cpp; path = ImageElement.cc; sourceTree = "<group>"; };
		1A3F5FB421FAEDD100675633 /* screen.h */ = {isa = PBXFileReference; lastKnownFileType = sourcecode.c.h; path = screen.h; sourceTree = "<group>"; };
		1A3F5FB521FAEDD100675633 /* screen.cc */ = {isa = PBXFileReference; lastKnownFileType = sourcecode.cpp.cpp; path = screen.cc; sourceTree = "<group>"; };
		1A53C63B21AF99F400170AB7 /* Security.framework */ = {isa = PBXFileReference; lastKnownFileType = wrapper.framework; name = Security.framework; path = System/Library/Frameworks/Security.framework; sourceTree = SDKROOT; };
		1A53C6C221B8C8D500170AB7 /* KerPageWindowController.h */ = {isa = PBXFileReference; lastKnownFileType = sourcecode.c.h; path = KerPageWindowController.h; sourceTree = "<group>"; };
		1A53C6C321B8C8D500170AB7 /* KerPageWindowController.m */ = {isa = PBXFileReference; lastKnownFileType = sourcecode.c.objc; path = KerPageWindowController.m; sourceTree = "<group>"; };
		1A53C6E621B8EA2D00170AB7 /* KerURLProtocol.h */ = {isa = PBXFileReference; lastKnownFileType = sourcecode.c.h; path = KerURLProtocol.h; sourceTree = "<group>"; };
		1A53C6E721B8EA2D00170AB7 /* KerURLProtocol.m */ = {isa = PBXFileReference; lastKnownFileType = sourcecode.c.objc; path = KerURLProtocol.m; sourceTree = "<group>"; };
		1A53C6F621BE154300170AB7 /* UIImage+Ker.h */ = {isa = PBXFileReference; lastKnownFileType = sourcecode.c.h; path = "UIImage+Ker.h"; sourceTree = "<group>"; };
		1A53C6F721BE154300170AB7 /* UIImage+Ker.mm */ = {isa = PBXFileReference; lastKnownFileType = sourcecode.cpp.objcpp; path = "UIImage+Ker.mm"; sourceTree = "<group>"; };
		1AA4AB4321BE30A400C636F5 /* package.h */ = {isa = PBXFileReference; lastKnownFileType = sourcecode.c.h; path = package.h; sourceTree = "<group>"; };
		1AA4AB4421BE30BC00C636F5 /* package.cc */ = {isa = PBXFileReference; lastKnownFileType = sourcecode.cpp.cpp; path = package.cc; sourceTree = "<group>"; };
		1AA4AC0721BF5AA200C636F5 /* sqlite.h */ = {isa = PBXFileReference; lastKnownFileType = sourcecode.c.h; path = sqlite.h; sourceTree = "<group>"; };
		1AA4AC0821BF5B3600C636F5 /* sqlite.cc */ = {isa = PBXFileReference; lastKnownFileType = sourcecode.cpp.cpp; path = sqlite.cc; sourceTree = "<group>"; };
		1AA4AC0A21BF65E300C636F5 /* libsqlite3.tbd */ = {isa = PBXFileReference; lastKnownFileType = "sourcecode.text-based-dylib-definition"; name = libsqlite3.tbd; path = usr/lib/libsqlite3.tbd; sourceTree = SDKROOT; };
		1AA4AC2E21BFBC3900C636F5 /* mztools.c */ = {isa = PBXFileReference; fileEncoding = 4; lastKnownFileType = sourcecode.c.c; name = mztools.c; path = ../../lib/minizip/mztools.c; sourceTree = SOURCE_ROOT; };
		1AA4AC3021BFBC3900C636F5 /* unzip.c */ = {isa = PBXFileReference; fileEncoding = 4; lastKnownFileType = sourcecode.c.c; name = unzip.c; path = ../../lib/minizip/unzip.c; sourceTree = SOURCE_ROOT; };
		1AA4AC3121BFBC3900C636F5 /* unzip.h */ = {isa = PBXFileReference; fileEncoding = 4; lastKnownFileType = sourcecode.c.h; name = unzip.h; path = ../../lib/minizip/unzip.h; sourceTree = SOURCE_ROOT; };
		1AA4AC3221BFBC3A00C636F5 /* zip.c */ = {isa = PBXFileReference; fileEncoding = 4; lastKnownFileType = sourcecode.c.c; name = zip.c; path = ../../lib/minizip/zip.c; sourceTree = SOURCE_ROOT; };
		1AA4AC3321BFBC3A00C636F5 /* zip.h */ = {isa = PBXFileReference; fileEncoding = 4; lastKnownFileType = sourcecode.c.h; name = zip.h; path = ../../lib/minizip/zip.h; sourceTree = SOURCE_ROOT; };
		1AA4AC3421BFBC3A00C636F5 /* ioapi.c */ = {isa = PBXFileReference; fileEncoding = 4; lastKnownFileType = sourcecode.c.c; name = ioapi.c; path = ../../lib/minizip/ioapi.c; sourceTree = SOURCE_ROOT; };
		1AA4AC3521BFBC3A00C636F5 /* minizip.c */ = {isa = PBXFileReference; fileEncoding = 4; lastKnownFileType = sourcecode.c.c; name = minizip.c; path = ../../lib/minizip/minizip.c; sourceTree = SOURCE_ROOT; };
		1AA4AC3621BFBC3A00C636F5 /* mztools.h */ = {isa = PBXFileReference; fileEncoding = 4; lastKnownFileType = sourcecode.c.h; name = mztools.h; path = ../../lib/minizip/mztools.h; sourceTree = SOURCE_ROOT; };
		1AA4AC3721BFBC3A00C636F5 /* ioapi.h */ = {isa = PBXFileReference; fileEncoding = 4; lastKnownFileType = sourcecode.c.h; name = ioapi.h; path = ../../lib/minizip/ioapi.h; sourceTree = SOURCE_ROOT; };
		1AA4AC3821BFBC3A00C636F5 /* crypt.h */ = {isa = PBXFileReference; fileEncoding = 4; lastKnownFileType = sourcecode.c.h; name = crypt.h; path = ../../lib/minizip/crypt.h; sourceTree = SOURCE_ROOT; };
		1AA4AC4521C21A9400C636F5 /* crypto.h */ = {isa = PBXFileReference; lastKnownFileType = sourcecode.c.h; path = crypto.h; sourceTree = "<group>"; };
		1AA4AC4621C21B2A00C636F5 /* crypto.cc */ = {isa = PBXFileReference; lastKnownFileType = sourcecode.cpp.cpp; path = crypto.cc; sourceTree = "<group>"; };
		1AE0927A21EDB18200133215 /* archiver.h */ = {isa = PBXFileReference; lastKnownFileType = sourcecode.c.h; path = archiver.h; sourceTree = "<group>"; };
		1AE0927B21EDB18200133215 /* archiver.cc */ = {isa = PBXFileReference; lastKnownFileType = sourcecode.cpp.cpp; path = archiver.cc; sourceTree = "<group>"; };
		1AE0927F21EDBEDA00133215 /* document.h */ = {isa = PBXFileReference; lastKnownFileType = sourcecode.c.h; path = document.h; sourceTree = "<group>"; };
		1AE0928021EDBEDA00133215 /* document.cc */ = {isa = PBXFileReference; lastKnownFileType = sourcecode.cpp.cpp; path = document.cc; sourceTree = "<group>"; };
		1AE0928321EDC31E00133215 /* element.h */ = {isa = PBXFileReference; lastKnownFileType = sourcecode.c.h; path = element.h; sourceTree = "<group>"; };
		1AE0928421EDC31E00133215 /* element.cc */ = {isa = PBXFileReference; lastKnownFileType = sourcecode.cpp.cpp; path = element.cc; sourceTree = "<group>"; };
		1AE0928721EDDA5600133215 /* StyleElement.h */ = {isa = PBXFileReference; lastKnownFileType = sourcecode.c.h; path = StyleElement.h; sourceTree = "<group>"; };
		1AE0928821EDDA5600133215 /* StyleElement.cc */ = {isa = PBXFileReference; lastKnownFileType = sourcecode.cpp.cpp; path = StyleElement.cc; sourceTree = "<group>"; };
		1AE0928B21EDDC6C00133215 /* LayoutElement.h */ = {isa = PBXFileReference; lastKnownFileType = sourcecode.c.h; path = LayoutElement.h; sourceTree = "<group>"; };
		1AE0928C21EDDC6C00133215 /* LayoutElement.cc */ = {isa = PBXFileReference; lastKnownFileType = sourcecode.cpp.cpp; path = LayoutElement.cc; sourceTree = "<group>"; };
		1AE0928F21EDF78C00133215 /* ViewElement.h */ = {isa = PBXFileReference; lastKnownFileType = sourcecode.c.h; path = ViewElement.h; sourceTree = "<group>"; };
		1AE0929021EDF78C00133215 /* ViewElement.cc */ = {isa = PBXFileReference; lastKnownFileType = sourcecode.cpp.cpp; path = ViewElement.cc; sourceTree = "<group>"; };
		1AE0929821F0325000133215 /* SKCGContext.cc */ = {isa = PBXFileReference; lastKnownFileType = sourcecode.cpp.cpp; path = SKCGContext.cc; sourceTree = "<group>"; };
		1AE0929A21F56A8A00133215 /* KerView.h */ = {isa = PBXFileReference; lastKnownFileType = sourcecode.c.h; path = KerView.h; sourceTree = "<group>"; };
		1AE0929B21F56A8A00133215 /* KerView.mm */ = {isa = PBXFileReference; lastKnownFileType = sourcecode.cpp.objcpp; path = KerView.mm; sourceTree = "<group>"; };
		1AE0929E21F56F2300133215 /* PageElement.h */ = {isa = PBXFileReference; lastKnownFileType = sourcecode.c.h; path = PageElement.h; sourceTree = "<group>"; };
		1AE0929F21F56F2300133215 /* PageElement.cc */ = {isa = PBXFileReference; lastKnownFileType = sourcecode.cpp.cpp; path = PageElement.cc; sourceTree = "<group>"; };
		1AE092A321F6C6EF00133215 /* duk_config_debug.h */ = {isa = PBXFileReference; fileEncoding = 4; lastKnownFileType = sourcecode.c.h; name = duk_config_debug.h; path = ../../../lib/duktape/src/duk_config_debug.h; sourceTree = "<group>"; };
		1AE91CBE21CB7AC80055C932 /* zombies.cc */ = {isa = PBXFileReference; lastKnownFileType = sourcecode.cpp.cpp; path = zombies.cc; sourceTree = "<group>"; };
		1AE91CC721D741C90055C932 /* KerWeak.h */ = {isa = PBXFileReference; lastKnownFileType = sourcecode.c.h; path = KerWeak.h; sourceTree = "<group>"; };
		1AE91CC821D741C90055C932 /* KerWeak.m */ = {isa = PBXFileReference; lastKnownFileType = sourcecode.c.objc; path = KerWeak.m; sourceTree = "<group>"; };
		1AE91CCB21DC920F0055C932 /* http.h */ = {isa = PBXFileReference; lastKnownFileType = sourcecode.c.h; path = http.h; sourceTree = "<group>"; };
		1AE91CCC21DC92290055C932 /* http.cc */ = {isa = PBXFileReference; lastKnownFileType = sourcecode.cpp.cpp; path = http.cc; sourceTree = "<group>"; };
		1AE91CCE21DCA05D0055C932 /* uri.h */ = {isa = PBXFileReference; lastKnownFileType = sourcecode.c.h; path = uri.h; sourceTree = "<group>"; };
		1AE91CCF21DCA1660055C932 /* uri.cc */ = {isa = PBXFileReference; lastKnownFileType = sourcecode.cpp.cpp; path = uri.cc; sourceTree = "<group>"; };
		1AE91CD121DCB2510055C932 /* KerHttp.mm */ = {isa = PBXFileReference; lastKnownFileType = sourcecode.cpp.objcpp; path = KerHttp.mm; sourceTree = "<group>"; };
		1AE91CD321DDB84D0055C932 /* KerStrong.h */ = {isa = PBXFileReference; lastKnownFileType = sourcecode.c.h; path = KerStrong.h; sourceTree = "<group>"; };
		1AE91CD421DDB84D0055C932 /* KerStrong.mm */ = {isa = PBXFileReference; lastKnownFileType = sourcecode.cpp.objcpp; path = KerStrong.mm; sourceTree = "<group>"; };
		1AE91CDB21DE00770055C932 /* KerUI.mm */ = {isa = PBXFileReference; lastKnownFileType = sourcecode.cpp.objcpp; path = KerUI.mm; sourceTree = "<group>"; };
		1AE91CDD21DE0A6C0055C932 /* KerUI.h */ = {isa = PBXFileReference; lastKnownFileType = sourcecode.c.h; path = KerUI.h; sourceTree = "<group>"; };
		1AF06588219D516000F8F7A8 /* Ker.framework */ = {isa = PBXFileReference; explicitFileType = wrapper.framework; includeInIndex = 0; path = Ker.framework; sourceTree = BUILT_PRODUCTS_DIR; };
		1AF0658B219D516000F8F7A8 /* Ker.h */ = {isa = PBXFileReference; lastKnownFileType = sourcecode.c.h; path = Ker.h; sourceTree = "<group>"; };
		1AF0658C219D516000F8F7A8 /* Info.plist */ = {isa = PBXFileReference; lastKnownFileType = text.plist.xml; path = Info.plist; sourceTree = "<group>"; };
		1AF06594219D518200F8F7A8 /* dispatch-GCD.cc */ = {isa = PBXFileReference; fileEncoding = 4; lastKnownFileType = sourcecode.cpp.cpp; path = "dispatch-GCD.cc"; sourceTree = "<group>"; };
		1AF06595219D518200F8F7A8 /* bio.h */ = {isa = PBXFileReference; fileEncoding = 4; lastKnownFileType = sourcecode.c.h; path = bio.h; sourceTree = "<group>"; };
		1AF06596219D518200F8F7A8 /* event.h */ = {isa = PBXFileReference; fileEncoding = 4; lastKnownFileType = sourcecode.c.h; path = event.h; sourceTree = "<group>"; };
		1AF06598219D518200F8F7A8 /* container.h */ = {isa = PBXFileReference; fileEncoding = 4; lastKnownFileType = sourcecode.c.h; path = container.h; sourceTree = "<group>"; };
		1AF06599219D518200F8F7A8 /* kk.h */ = {isa = PBXFileReference; fileEncoding = 4; lastKnownFileType = sourcecode.c.h; path = kk.h; sourceTree = "<group>"; };
		1AF0659A219D518200F8F7A8 /* bio.cc */ = {isa = PBXFileReference; fileEncoding = 4; lastKnownFileType = sourcecode.cpp.cpp; path = bio.cc; sourceTree = "<group>"; };
		1AF0659B219D518200F8F7A8 /* kk.cc */ = {isa = PBXFileReference; fileEncoding = 4; lastKnownFileType = sourcecode.cpp.cpp; path = kk.cc; sourceTree = "<group>"; };
		1AF0659C219D518200F8F7A8 /* timer.h */ = {isa = PBXFileReference; fileEncoding = 4; lastKnownFileType = sourcecode.c.h; path = timer.h; sourceTree = "<group>"; };
		1AF0659D219D518200F8F7A8 /* jit.h */ = {isa = PBXFileReference; fileEncoding = 4; lastKnownFileType = sourcecode.c.h; path = jit.h; sourceTree = "<group>"; };
		1AF0659E219D518200F8F7A8 /* timer.cc */ = {isa = PBXFileReference; fileEncoding = 4; lastKnownFileType = sourcecode.cpp.cpp; path = timer.cc; sourceTree = "<group>"; };
		1AF0659F219D518200F8F7A8 /* dispatch.h */ = {isa = PBXFileReference; fileEncoding = 4; lastKnownFileType = sourcecode.c.h; path = dispatch.h; sourceTree = "<group>"; };
		1AF065A0219D518200F8F7A8 /* event.cc */ = {isa = PBXFileReference; fileEncoding = 4; lastKnownFileType = sourcecode.cpp.cpp; path = event.cc; sourceTree = "<group>"; };
		1AF065A1219D518200F8F7A8 /* jit.cc */ = {isa = PBXFileReference; fileEncoding = 4; lastKnownFileType = sourcecode.cpp.cpp; path = jit.cc; sourceTree = "<group>"; };
		1AF065B3219D51C000F8F7A8 /* duktape.h */ = {isa = PBXFileReference; fileEncoding = 4; lastKnownFileType = sourcecode.c.h; name = duktape.h; path = ../../../lib/duktape/src/duktape.h; sourceTree = "<group>"; };
		1AF065B4219D51C000F8F7A8 /* duktape.c */ = {isa = PBXFileReference; fileEncoding = 4; lastKnownFileType = sourcecode.c.c; name = duktape.c; path = ../../../lib/duktape/src/duktape.c; sourceTree = "<group>"; };
		1AF065B5219D51C000F8F7A8 /* duk_config.h */ = {isa = PBXFileReference; fileEncoding = 4; lastKnownFileType = sourcecode.c.h; name = duk_config.h; path = ../../../lib/duktape/src/duk_config.h; sourceTree = "<group>"; };
		1AF065BA219D52AC00F8F7A8 /* page.h */ = {isa = PBXFileReference; fileEncoding = 4; lastKnownFileType = sourcecode.c.h; path = page.h; sourceTree = "<group>"; };
		1AF065BB219D52AC00F8F7A8 /* ui.h */ = {isa = PBXFileReference; fileEncoding = 4; lastKnownFileType = sourcecode.c.h; path = ui.h; sourceTree = "<group>"; };
		1AF065BC219D52AC00F8F7A8 /* view.cc */ = {isa = PBXFileReference; fileEncoding = 4; lastKnownFileType = sourcecode.cpp.cpp; path = view.cc; sourceTree = "<group>"; };
		1AF065BD219D52AC00F8F7A8 /* app.cc */ = {isa = PBXFileReference; fileEncoding = 4; lastKnownFileType = sourcecode.cpp.cpp; path = app.cc; sourceTree = "<group>"; };
		1AF065BE219D52AC00F8F7A8 /* app.h */ = {isa = PBXFileReference; fileEncoding = 4; lastKnownFileType = sourcecode.c.h; path = app.h; sourceTree = "<group>"; };
		1AF065BF219D52AC00F8F7A8 /* view.h */ = {isa = PBXFileReference; fileEncoding = 4; lastKnownFileType = sourcecode.c.h; path = view.h; sourceTree = "<group>"; };
		1AF065C0219D52AC00F8F7A8 /* ui.cc */ = {isa = PBXFileReference; fileEncoding = 4; lastKnownFileType = sourcecode.cpp.cpp; path = ui.cc; sourceTree = "<group>"; };
		1AF065C1219D52AC00F8F7A8 /* CGContext.cc */ = {isa = PBXFileReference; fileEncoding = 4; lastKnownFileType = sourcecode.cpp.cpp; path = CGContext.cc; sourceTree = "<group>"; };
		1AF065C2219D52AC00F8F7A8 /* page.cc */ = {isa = PBXFileReference; fileEncoding = 4; lastKnownFileType = sourcecode.cpp.cpp; path = page.cc; sourceTree = "<group>"; };
		1AF065C3219D52AC00F8F7A8 /* CGContext.h */ = {isa = PBXFileReference; fileEncoding = 4; lastKnownFileType = sourcecode.c.h; path = CGContext.h; sourceTree = "<group>"; };
		1AF065CE219D52E200F8F7A8 /* KerViewProtocol.h */ = {isa = PBXFileReference; fileEncoding = 4; lastKnownFileType = sourcecode.c.h; path = KerViewProtocol.h; sourceTree = "<group>"; };
		1AF065D0219D535A00F8F7A8 /* CGContext.mm */ = {isa = PBXFileReference; fileEncoding = 4; lastKnownFileType = sourcecode.cpp.objcpp; path = CGContext.mm; sourceTree = "<group>"; };
		1AF065D2219D536700F8F7A8 /* UI.h */ = {isa = PBXFileReference; fileEncoding = 4; lastKnownFileType = sourcecode.c.h; path = UI.h; sourceTree = "<group>"; };
		1AF065D4219D536D00F8F7A8 /* Image.mm */ = {isa = PBXFileReference; fileEncoding = 4; lastKnownFileType = sourcecode.cpp.objcpp; path = Image.mm; sourceTree = "<group>"; };
		1AF065D6219D537600F8F7A8 /* View.mm */ = {isa = PBXFileReference; fileEncoding = 4; lastKnownFileType = sourcecode.cpp.objcpp; path = View.mm; sourceTree = "<group>"; };
		1AF065D9219D53CC00F8F7A8 /* UIKit.framework */ = {isa = PBXFileReference; lastKnownFileType = wrapper.framework; name = UIKit.framework; path = System/Library/Frameworks/UIKit.framework; sourceTree = SDKROOT; };
		1AF065DB219D53DA00F8F7A8 /* CoreGraphics.framework */ = {isa = PBXFileReference; lastKnownFileType = wrapper.framework; name = CoreGraphics.framework; path = System/Library/Frameworks/CoreGraphics.framework; sourceTree = SDKROOT; };
		1AF065DD219D53EA00F8F7A8 /* KerObject.mm */ = {isa = PBXFileReference; fileEncoding = 4; lastKnownFileType = sourcecode.cpp.objcpp; path = KerObject.mm; sourceTree = "<group>"; };
		1AF065DE219D53EA00F8F7A8 /* KerObject.h */ = {isa = PBXFileReference; fileEncoding = 4; lastKnownFileType = sourcecode.c.h; path = KerObject.h; sourceTree = "<group>"; };
		1AF065E5219D54AC00F8F7A8 /* KerPage.mm */ = {isa = PBXFileReference; fileEncoding = 4; lastKnownFileType = sourcecode.cpp.objcpp; path = KerPage.mm; sourceTree = "<group>"; };
		1AF065E6219D54AC00F8F7A8 /* KerPage.h */ = {isa = PBXFileReference; fileEncoding = 4; lastKnownFileType = sourcecode.c.h; path = KerPage.h; sourceTree = "<group>"; };
		1AF065E9219D54E600F8F7A8 /* KerPageViewController.m */ = {isa = PBXFileReference; fileEncoding = 4; lastKnownFileType = sourcecode.c.objc; path = KerPageViewController.m; sourceTree = "<group>"; };
		1AF065EA219D54E600F8F7A8 /* KerPageViewController.h */ = {isa = PBXFileReference; fileEncoding = 4; lastKnownFileType = sourcecode.c.h; path = KerPageViewController.h; sourceTree = "<group>"; };
		1AF065ED219D555C00F8F7A8 /* UIScrollView+KerViewProtocol.h */ = {isa = PBXFileReference; fileEncoding = 4; lastKnownFileType = sourcecode.c.h; path = "UIScrollView+KerViewProtocol.h"; sourceTree = "<group>"; };
		1AF065EF219D555C00F8F7A8 /* UITextField+KerViewProtocol.h */ = {isa = PBXFileReference; fileEncoding = 4; lastKnownFileType = sourcecode.c.h; path = "UITextField+KerViewProtocol.h"; sourceTree = "<group>"; };
		1AF065F0219D555D00F8F7A8 /* UITextView+KerViewProtocol.mm */ = {isa = PBXFileReference; fileEncoding = 4; lastKnownFileType = sourcecode.cpp.objcpp; path = "UITextView+KerViewProtocol.mm"; sourceTree = "<group>"; };
		1AF065F1219D555D00F8F7A8 /* UIView+KerViewProtocol.h */ = {isa = PBXFileReference; fileEncoding = 4; lastKnownFileType = sourcecode.c.h; path = "UIView+KerViewProtocol.h"; sourceTree = "<group>"; };
		1AF065F2219D555D00F8F7A8 /* UITextView+KerViewProtocol.h */ = {isa = PBXFileReference; fileEncoding = 4; lastKnownFileType = sourcecode.c.h; path = "UITextView+KerViewProtocol.h"; sourceTree = "<group>"; };
		1AF065F3219D555D00F8F7A8 /* UIView+KerViewProtocol.mm */ = {isa = PBXFileReference; fileEncoding = 4; lastKnownFileType = sourcecode.cpp.objcpp; path = "UIView+KerViewProtocol.mm"; sourceTree = "<group>"; };
		1AF065F4219D555D00F8F7A8 /* UIScrollView+KKViewProtocol.mm */ = {isa = PBXFileReference; fileEncoding = 4; lastKnownFileType = sourcecode.cpp.objcpp; path = "UIScrollView+KKViewProtocol.mm"; sourceTree = "<group>"; };
		1AF065F5219D555D00F8F7A8 /* WKWebView+KerViewProtocol.h */ = {isa = PBXFileReference; fileEncoding = 4; lastKnownFileType = sourcecode.c.h; path = "WKWebView+KerViewProtocol.h"; sourceTree = "<group>"; };
		1AF065F6219D555E00F8F7A8 /* WKWebView+KerViewProtocol.mm */ = {isa = PBXFileReference; fileEncoding = 4; lastKnownFileType = sourcecode.cpp.objcpp; path = "WKWebView+KerViewProtocol.mm"; sourceTree = "<group>"; };
		1AF065F8219D555E00F8F7A8 /* UITextField+KerViewProtocol.mm */ = {isa = PBXFileReference; fileEncoding = 4; lastKnownFileType = sourcecode.cpp.objcpp; path = "UITextField+KerViewProtocol.mm"; sourceTree = "<group>"; };
		1AF06605219D567400F8F7A8 /* WebKit.framework */ = {isa = PBXFileReference; lastKnownFileType = wrapper.framework; name = WebKit.framework; path = System/Library/Frameworks/WebKit.framework; sourceTree = SDKROOT; };
		1AF4CE2F21A56A2000AE1249 /* UIFont+Ker.h */ = {isa = PBXFileReference; lastKnownFileType = sourcecode.c.h; path = "UIFont+Ker.h"; sourceTree = "<group>"; };
		1AF4CE3021A56A2000AE1249 /* UIFont+Ker.mm */ = {isa = PBXFileReference; lastKnownFileType = sourcecode.cpp.objcpp; path = "UIFont+Ker.mm"; sourceTree = "<group>"; };
		1AF4CE3321A56B5A00AE1249 /* UIColor+Ker.h */ = {isa = PBXFileReference; lastKnownFileType = sourcecode.c.h; path = "UIColor+Ker.h"; sourceTree = "<group>"; };
		1AF4CE3421A56B5A00AE1249 /* UIColor+Ker.mm */ = {isa = PBXFileReference; lastKnownFileType = sourcecode.cpp.objcpp; path = "UIColor+Ker.mm"; sourceTree = "<group>"; };
		1AF4CE3721A56DF600AE1249 /* UILabel+KerViewProtocol.h */ = {isa = PBXFileReference; lastKnownFileType = sourcecode.c.h; path = "UILabel+KerViewProtocol.h"; sourceTree = "<group>"; };
		1AF4CE3821A56DF600AE1249 /* UILabel+KerViewProtocol.mm */ = {isa = PBXFileReference; lastKnownFileType = sourcecode.cpp.objcpp; path = "UILabel+KerViewProtocol.mm"; sourceTree = "<group>"; };
		1AFDAD2821E327B1000FAAE9 /* storage.h */ = {isa = PBXFileReference; lastKnownFileType = sourcecode.c.h; path = storage.h; sourceTree = "<group>"; };
		1AFDAD2921E327C7000FAAE9 /* storage.cc */ = {isa = PBXFileReference; lastKnownFileType = sourcecode.cpp.cpp; path = storage.cc; sourceTree = "<group>"; };
		1AFDAD2B21E34FB0000FAAE9 /* debugger.h */ = {isa = PBXFileReference; lastKnownFileType = sourcecode.c.h; path = debugger.h; sourceTree = "<group>"; };
		1AFDAD2C21E34FBB000FAAE9 /* debugger.cc */ = {isa = PBXFileReference; lastKnownFileType = sourcecode.cpp.cpp; path = debugger.cc; sourceTree = "<group>"; };
		1AFDAF7021E4AC8A000FAAE9 /* net.cc */ = {isa = PBXFileReference; lastKnownFileType = sourcecode.cpp.cpp; path = net.cc; sourceTree = "<group>"; };
		1AFDAF7121E4AC8A000FAAE9 /* net.h */ = {isa = PBXFileReference; lastKnownFileType = sourcecode.c.h; path = net.h; sourceTree = "<group>"; };
		1AFDAF7821E6EAC2000FAAE9 /* ssl.h */ = {isa = PBXFileReference; lastKnownFileType = sourcecode.c.h; path = ssl.h; sourceTree = "<group>"; };
		1AFDAF7921E6EAC2000FAAE9 /* ssl.cc */ = {isa = PBXFileReference; lastKnownFileType = sourcecode.cpp.cpp; path = ssl.cc; sourceTree = "<group>"; };
		AC9BE90B21F9532000D58282 /* AVFoundation.framework */ = {isa = PBXFileReference; lastKnownFileType = wrapper.framework; name = AVFoundation.framework; path = System/Library/Frameworks/AVFoundation.framework; sourceTree = SDKROOT; };
		AC9BE91021F9770400D58282 /* audio.h */ = {isa = PBXFileReference; lastKnownFileType = sourcecode.c.h; path = audio.h; sourceTree = "<group>"; };
		AC9BE91121F9770400D58282 /* audio.cc */ = {isa = PBXFileReference; lastKnownFileType = sourcecode.cpp.cpp; path = audio.cc; sourceTree = "<group>"; };
		AC9BE91421F97E6500D58282 /* audio_AudioToolbox.cc */ = {isa = PBXFileReference; lastKnownFileType = sourcecode.cpp.cpp; path = audio_AudioToolbox.cc; sourceTree = "<group>"; };
		AC9BE91721F9952200D58282 /* KerAudioSession.mm */ = {isa = PBXFileReference; lastKnownFileType = sourcecode.cpp.objcpp; path = KerAudioSession.mm; sourceTree = "<group>"; };
		AC9BE91A21F99B2F00D58282 /* speex.h */ = {isa = PBXFileReference; lastKnownFileType = sourcecode.c.h; path = speex.h; sourceTree = "<group>"; };
		AC9BE91B21F99B2F00D58282 /* speex.cc */ = {isa = PBXFileReference; lastKnownFileType = sourcecode.cpp.cpp; path = speex.cc; sourceTree = "<group>"; };
		AC9BE91E21F99CA100D58282 /* libspeex.a */ = {isa = PBXFileReference; lastKnownFileType = archive.ar; name = libspeex.a; path = ../../lib/speex/ios/libspeex.a; sourceTree = "<group>"; };
		AC9BE92021F9A1A400D58282 /* stream.h */ = {isa = PBXFileReference; lastKnownFileType = sourcecode.c.h; path = stream.h; sourceTree = "<group>"; };
		AC9BE92121F9A1A400D58282 /* stream.cc */ = {isa = PBXFileReference; lastKnownFileType = sourcecode.cpp.cpp; path = stream.cc; sourceTree = "<group>"; };
		AC9BE92421F9B6C200D58282 /* libspeexdsp.a */ = {isa = PBXFileReference; lastKnownFileType = archive.ar; name = libspeexdsp.a; path = ../../lib/speex/ios/libspeexdsp.a; sourceTree = "<group>"; };
		AC9BE93121FB3C7C00D58282 /* AudioToolbox.framework */ = {isa = PBXFileReference; lastKnownFileType = wrapper.framework; name = AudioToolbox.framework; path = System/Library/Frameworks/AudioToolbox.framework; sourceTree = SDKROOT; };
		AC9BE94E21FBE8BF00D58282 /* file.h */ = {isa = PBXFileReference; lastKnownFileType = sourcecode.c.h; path = file.h; sourceTree = "<group>"; };
		AC9BE94F21FBE8BF00D58282 /* file.cc */ = {isa = PBXFileReference; lastKnownFileType = sourcecode.cpp.cpp; path = file.cc; sourceTree = "<group>"; };
		ACB2A50421FF12E700C07902 /* BarElement.h */ = {isa = PBXFileReference; lastKnownFileType = sourcecode.c.h; path = BarElement.h; sourceTree = "<group>"; };
		ACB2A50521FF12E700C07902 /* BarElement.cc */ = {isa = PBXFileReference; lastKnownFileType = sourcecode.cpp.cpp; path = BarElement.cc; sourceTree = "<group>"; };
		ACD6575321EE819E00D63256 /* TextElement.h */ = {isa = PBXFileReference; lastKnownFileType = sourcecode.c.h; path = TextElement.h; sourceTree = "<group>"; };
		ACD6575421EE819E00D63256 /* TextElement.cc */ = {isa = PBXFileReference; lastKnownFileType = sourcecode.cpp.cpp; path = TextElement.cc; sourceTree = "<group>"; };
/* End PBXFileReference section */

/* Begin PBXFrameworksBuildPhase section */
		1AF06585219D516000F8F7A8 /* Frameworks */ = {
			isa = PBXFrameworksBuildPhase;
			buildActionMask = 2147483647;
			files = (
				AC9BE93321FB3CAA00D58282 /* AVFoundation.framework in Frameworks */,
				AC9BE93221FB3C7C00D58282 /* AudioToolbox.framework in Frameworks */,
				AC9BE91F21F99CA100D58282 /* libspeex.a in Frameworks */,
				AC9BE92521F9B6C200D58282 /* libspeexdsp.a in Frameworks */,
				1AA4AC0B21BF65E300C636F5 /* libsqlite3.tbd in Frameworks */,
				1AF06606219D567400F8F7A8 /* WebKit.framework in Frameworks */,
				1AF065DC219D53DA00F8F7A8 /* CoreGraphics.framework in Frameworks */,
				1AF065DA219D53CC00F8F7A8 /* UIKit.framework in Frameworks */,
			);
			runOnlyForDeploymentPostprocessing = 0;
		};
/* End PBXFrameworksBuildPhase section */

/* Begin PBXGroup section */
		1AA4AB4621BE311F00C636F5 /* minizip */ = {
			isa = PBXGroup;
			children = (
				1AA4AC3821BFBC3A00C636F5 /* crypt.h */,
				1AA4AC3421BFBC3A00C636F5 /* ioapi.c */,
				1AA4AC3721BFBC3A00C636F5 /* ioapi.h */,
				1AA4AC3521BFBC3A00C636F5 /* minizip.c */,
				1AA4AC2E21BFBC3900C636F5 /* mztools.c */,
				1AA4AC3621BFBC3A00C636F5 /* mztools.h */,
				1AA4AC3021BFBC3900C636F5 /* unzip.c */,
				1AA4AC3121BFBC3900C636F5 /* unzip.h */,
				1AA4AC3221BFBC3A00C636F5 /* zip.c */,
				1AA4AC3321BFBC3A00C636F5 /* zip.h */,
			);
			name = minizip;
			sourceTree = "<group>";
		};
		1AE0927E21EDBEC500133215 /* document */ = {
			isa = PBXGroup;
			children = (
				1AE0927F21EDBEDA00133215 /* document.h */,
				1AE0928021EDBEDA00133215 /* document.cc */,
				1AE0928321EDC31E00133215 /* element.h */,
				1AE0928421EDC31E00133215 /* element.cc */,
				1AE0928721EDDA5600133215 /* StyleElement.h */,
				1AE0928821EDDA5600133215 /* StyleElement.cc */,
				1AE0928B21EDDC6C00133215 /* LayoutElement.h */,
				1AE0928C21EDDC6C00133215 /* LayoutElement.cc */,
				1A3F5FAB21F7102600675633 /* BlockElement.h */,
				1A3F5FAC21F7102600675633 /* BlockElement.cc */,
			);
			name = document;
			path = ../../../document;
			sourceTree = "<group>";
		};
		1AF0657E219D516000F8F7A8 = {
			isa = PBXGroup;
			children = (
				1AF0658A219D516000F8F7A8 /* Ker */,
				1AF06589219D516000F8F7A8 /* Products */,
				1AF065D8219D53CC00F8F7A8 /* Frameworks */,
			);
			sourceTree = "<group>";
		};
		1AF06589219D516000F8F7A8 /* Products */ = {
			isa = PBXGroup;
			children = (
				1AF06588219D516000F8F7A8 /* Ker.framework */,
			);
			name = Products;
			sourceTree = "<group>";
		};
		1AF0658A219D516000F8F7A8 /* Ker */ = {
			isa = PBXGroup;
			children = (
				AC9BE90F21F976EE00D58282 /* audio */,
				1AE0927E21EDBEC500133215 /* document */,
				1AA4AB4621BE311F00C636F5 /* minizip */,
				1AF065B9219D52AC00F8F7A8 /* ui */,
				1AF065B2219D51A000F8F7A8 /* duktape */,
				1AF06593219D518200F8F7A8 /* core */,
				1AF0658B219D516000F8F7A8 /* Ker.h */,
				1AF065CE219D52E200F8F7A8 /* KerViewProtocol.h */,
				1AF065D2219D536700F8F7A8 /* UI.h */,
				1AE91CDD21DE0A6C0055C932 /* KerUI.h */,
				1AE91CDB21DE00770055C932 /* KerUI.mm */,
				1AF065D0219D535A00F8F7A8 /* CGContext.mm */,
				1AF065D4219D536D00F8F7A8 /* Image.mm */,
				1AF065D6219D537600F8F7A8 /* View.mm */,
				1AF065DE219D53EA00F8F7A8 /* KerObject.h */,
				1AF065DD219D53EA00F8F7A8 /* KerObject.mm */,
				1AF065E6219D54AC00F8F7A8 /* KerPage.h */,
				1AF065E5219D54AC00F8F7A8 /* KerPage.mm */,
				1AF065EA219D54E600F8F7A8 /* KerPageViewController.h */,
				1AF065E9219D54E600F8F7A8 /* KerPageViewController.m */,
				1A53C6C221B8C8D500170AB7 /* KerPageWindowController.h */,
				1A53C6C321B8C8D500170AB7 /* KerPageWindowController.m */,
				1AF065ED219D555C00F8F7A8 /* UIScrollView+KerViewProtocol.h */,
				1AF065F4219D555D00F8F7A8 /* UIScrollView+KKViewProtocol.mm */,
				1AF065EF219D555C00F8F7A8 /* UITextField+KerViewProtocol.h */,
				1AF065F8219D555E00F8F7A8 /* UITextField+KerViewProtocol.mm */,
				1AF065F2219D555D00F8F7A8 /* UITextView+KerViewProtocol.h */,
				1AF065F0219D555D00F8F7A8 /* UITextView+KerViewProtocol.mm */,
				1AF065F1219D555D00F8F7A8 /* UIView+KerViewProtocol.h */,
				1AF065F3219D555D00F8F7A8 /* UIView+KerViewProtocol.mm */,
				1AF065F5219D555D00F8F7A8 /* WKWebView+KerViewProtocol.h */,
				1AF065F6219D555E00F8F7A8 /* WKWebView+KerViewProtocol.mm */,
				1AF4CE3721A56DF600AE1249 /* UILabel+KerViewProtocol.h */,
				1AF4CE3821A56DF600AE1249 /* UILabel+KerViewProtocol.mm */,
				1AF4CE2F21A56A2000AE1249 /* UIFont+Ker.h */,
				1AF4CE3021A56A2000AE1249 /* UIFont+Ker.mm */,
				1AF4CE3321A56B5A00AE1249 /* UIColor+Ker.h */,
				1AF4CE3421A56B5A00AE1249 /* UIColor+Ker.mm */,
				1AE0929A21F56A8A00133215 /* KerView.h */,
				1AE0929B21F56A8A00133215 /* KerView.mm */,
				1A53C6E621B8EA2D00170AB7 /* KerURLProtocol.h */,
				1A53C6E721B8EA2D00170AB7 /* KerURLProtocol.m */,
				1AF0658C219D516000F8F7A8 /* Info.plist */,
				1A53C6F621BE154300170AB7 /* UIImage+Ker.h */,
				1A53C6F721BE154300170AB7 /* UIImage+Ker.mm */,
				1AE91CC721D741C90055C932 /* KerWeak.h */,
				1AE91CC821D741C90055C932 /* KerWeak.m */,
				1AE91CD121DCB2510055C932 /* KerHttp.mm */,
				1AE91CD321DDB84D0055C932 /* KerStrong.h */,
				1AE91CD421DDB84D0055C932 /* KerStrong.mm */,
				AC9BE91721F9952200D58282 /* KerAudioSession.mm */,
			);
			path = Ker;
			sourceTree = "<group>";
		};
		1AF06593219D518200F8F7A8 /* core */ = {
			isa = PBXGroup;
			children = (
				1AF06599219D518200F8F7A8 /* kk.h */,
				1AF0659B219D518200F8F7A8 /* kk.cc */,
				1AF0659D219D518200F8F7A8 /* jit.h */,
				1AF065A1219D518200F8F7A8 /* jit.cc */,
				1AF06595219D518200F8F7A8 /* bio.h */,
				1AF0659A219D518200F8F7A8 /* bio.cc */,
				1AF06596219D518200F8F7A8 /* event.h */,
				1AF065A0219D518200F8F7A8 /* event.cc */,
				1AF06598219D518200F8F7A8 /* container.h */,
				1AF0659C219D518200F8F7A8 /* timer.h */,
				1AF0659E219D518200F8F7A8 /* timer.cc */,
				1AF0659F219D518200F8F7A8 /* dispatch.h */,
				1AF06594219D518200F8F7A8 /* dispatch-GCD.cc */,
				1AA4AC0721BF5AA200C636F5 /* sqlite.h */,
				1AA4AC0821BF5B3600C636F5 /* sqlite.cc */,
				1AA4AC4521C21A9400C636F5 /* crypto.h */,
				1AA4AC4621C21B2A00C636F5 /* crypto.cc */,
				1AE91CBE21CB7AC80055C932 /* zombies.cc */,
				1AE91CCB21DC920F0055C932 /* http.h */,
				1AE91CCC21DC92290055C932 /* http.cc */,
				1AE91CCE21DCA05D0055C932 /* uri.h */,
				1AE91CCF21DCA1660055C932 /* uri.cc */,
				1AFDAD2821E327B1000FAAE9 /* storage.h */,
				1AFDAD2921E327C7000FAAE9 /* storage.cc */,
				1AFDAD2B21E34FB0000FAAE9 /* debugger.h */,
				1AFDAD2C21E34FBB000FAAE9 /* debugger.cc */,
				1AFDAF7121E4AC8A000FAAE9 /* net.h */,
				1AFDAF7021E4AC8A000FAAE9 /* net.cc */,
				1AFDAF7821E6EAC2000FAAE9 /* ssl.h */,
				1AFDAF7921E6EAC2000FAAE9 /* ssl.cc */,
				1A3AF07121EC7F0B001C8759 /* WebSocket.h */,
				1A3AF07221EC7F0B001C8759 /* WebSocket.cc */,
				1AE0927A21EDB18200133215 /* archiver.h */,
				1AE0927B21EDB18200133215 /* archiver.cc */,
				AC9BE92021F9A1A400D58282 /* stream.h */,
				AC9BE92121F9A1A400D58282 /* stream.cc */,
				AC9BE94E21FBE8BF00D58282 /* file.h */,
				AC9BE94F21FBE8BF00D58282 /* file.cc */,
			);
			name = core;
			path = ../../../core;
			sourceTree = "<group>";
		};
		1AF065B2219D51A000F8F7A8 /* duktape */ = {
			isa = PBXGroup;
			children = (
				1AE092A321F6C6EF00133215 /* duk_config_debug.h */,
				1AF065B5219D51C000F8F7A8 /* duk_config.h */,
				1AF065B4219D51C000F8F7A8 /* duktape.c */,
				1AF065B3219D51C000F8F7A8 /* duktape.h */,
			);
			name = duktape;
			sourceTree = "<group>";
		};
		1AF065B9219D52AC00F8F7A8 /* ui */ = {
			isa = PBXGroup;
			children = (
				1AF065BB219D52AC00F8F7A8 /* ui.h */,
				1AF065C0219D52AC00F8F7A8 /* ui.cc */,
				1AF065BF219D52AC00F8F7A8 /* view.h */,
				1AF065BC219D52AC00F8F7A8 /* view.cc */,
				1AF065BE219D52AC00F8F7A8 /* app.h */,
				1AF065BD219D52AC00F8F7A8 /* app.cc */,
				1AF065BA219D52AC00F8F7A8 /* page.h */,
				1AF065C2219D52AC00F8F7A8 /* page.cc */,
				1A3F5FB421FAEDD100675633 /* screen.h */,
				1A3F5FB521FAEDD100675633 /* screen.cc */,
				1AF065C3219D52AC00F8F7A8 /* CGContext.h */,
				1AF065C1219D52AC00F8F7A8 /* CGContext.cc */,
				1AE0929821F0325000133215 /* SKCGContext.cc */,
				1AA4AB4321BE30A400C636F5 /* package.h */,
				1AA4AB4421BE30BC00C636F5 /* package.cc */,
				1AE0928F21EDF78C00133215 /* ViewElement.h */,
				1AE0929021EDF78C00133215 /* ViewElement.cc */,
				ACD6575321EE819E00D63256 /* TextElement.h */,
				ACD6575421EE819E00D63256 /* TextElement.cc */,
				1AE0929E21F56F2300133215 /* PageElement.h */,
				1AE0929F21F56F2300133215 /* PageElement.cc */,
				1A3F5FAF21F72CB400675633 /* ImageElement.h */,
				1A3F5FB021F72CB400675633 /* ImageElement.cc */,
				ACB2A50421FF12E700C07902 /* BarElement.h */,
				ACB2A50521FF12E700C07902 /* BarElement.cc */,
			);
			name = ui;
			path = ../../../ui;
			sourceTree = "<group>";
		};
		1AF065D8219D53CC00F8F7A8 /* Frameworks */ = {
			isa = PBXGroup;
			children = (
				AC9BE93121FB3C7C00D58282 /* AudioToolbox.framework */,
				AC9BE92421F9B6C200D58282 /* libspeexdsp.a */,
				AC9BE91E21F99CA100D58282 /* libspeex.a */,
				AC9BE90B21F9532000D58282 /* AVFoundation.framework */,
				1AA4AC0A21BF65E300C636F5 /* libsqlite3.tbd */,
				1A53C63B21AF99F400170AB7 /* Security.framework */,
				1AF06605219D567400F8F7A8 /* WebKit.framework */,
				1AF065DB219D53DA00F8F7A8 /* CoreGraphics.framework */,
				1AF065D9219D53CC00F8F7A8 /* UIKit.framework */,
			);
			name = Frameworks;
			sourceTree = "<group>";
		};
		AC9BE90F21F976EE00D58282 /* audio */ = {
			isa = PBXGroup;
			children = (
				AC9BE91021F9770400D58282 /* audio.h */,
				AC9BE91121F9770400D58282 /* audio.cc */,
				AC9BE91421F97E6500D58282 /* audio_AudioToolbox.cc */,
				AC9BE91A21F99B2F00D58282 /* speex.h */,
				AC9BE91B21F99B2F00D58282 /* speex.cc */,
			);
			name = audio;
			path = ../../../audio;
			sourceTree = "<group>";
		};
/* End PBXGroup section */

/* Begin PBXHeadersBuildPhase section */
		1AF06583219D516000F8F7A8 /* Headers */ = {
			isa = PBXHeadersBuildPhase;
			buildActionMask = 2147483647;
			files = (
				1AF065D3219D536700F8F7A8 /* UI.h in Headers */,
				1AF065B8219D51C000F8F7A8 /* duk_config.h in Headers */,
				1AF4CE3121A56A2000AE1249 /* UIFont+Ker.h in Headers */,
				AC9BE91C21F99B2F00D58282 /* speex.h in Headers */,
				1AA4AC4221BFBC3A00C636F5 /* mztools.h in Headers */,
				1AF065FE219D555E00F8F7A8 /* UITextView+KerViewProtocol.h in Headers */,
				1AE0928121EDBEDA00133215 /* document.h in Headers */,
				1AF065AE219D518200F8F7A8 /* dispatch.h in Headers */,
				1A3F5FB121F72CB400675633 /* ImageElement.h in Headers */,
				1AE0928D21EDDC6C00133215 /* LayoutElement.h in Headers */,
				1AE0929C21F56A8A00133215 /* KerView.h in Headers */,
				1AF065AB219D518200F8F7A8 /* timer.h in Headers */,
				AC9BE95021FBE8BF00D58282 /* file.h in Headers */,
				1AE0927C21EDB18200133215 /* archiver.h in Headers */,
				1AF065A8219D518200F8F7A8 /* kk.h in Headers */,
				1AE91CDF21DE0A6C0055C932 /* KerUI.h in Headers */,
				1AA4AC4321BFBC3A00C636F5 /* ioapi.h in Headers */,
				ACB2A50621FF12E700C07902 /* BarElement.h in Headers */,
				AC9BE91221F9770400D58282 /* audio.h in Headers */,
				1AE0928521EDC31E00133215 /* element.h in Headers */,
				1AE91CD521DDB84D0055C932 /* KerStrong.h in Headers */,
				1AF06601219D555E00F8F7A8 /* WKWebView+KerViewProtocol.h in Headers */,
				1AF065C8219D52AC00F8F7A8 /* app.h in Headers */,
				1A53C6C421B8C8D500170AB7 /* KerPageWindowController.h in Headers */,
				1AE092A421F6C6EF00133215 /* duk_config_debug.h in Headers */,
				1AF065A7219D518200F8F7A8 /* container.h in Headers */,
				1AF065A5219D518200F8F7A8 /* event.h in Headers */,
				1AF065C9219D52AC00F8F7A8 /* view.h in Headers */,
				1AFDAF7321E4AC8A000FAAE9 /* net.h in Headers */,
				1AF4CE3521A56B5A00AE1249 /* UIColor+Ker.h in Headers */,
				1A3F5FB621FAEDD100675633 /* screen.h in Headers */,
				1AA4AC3D21BFBC3A00C636F5 /* unzip.h in Headers */,
				1AF0658D219D516000F8F7A8 /* Ker.h in Headers */,
				1AF065CF219D52E200F8F7A8 /* KerViewProtocol.h in Headers */,
				1AE91CC921D741C90055C932 /* KerWeak.h in Headers */,
				1A3AF07321EC7F0B001C8759 /* WebSocket.h in Headers */,
				1AF4CE3921A56DF600AE1249 /* UILabel+KerViewProtocol.h in Headers */,
				1AF065FD219D555E00F8F7A8 /* UIView+KerViewProtocol.h in Headers */,
				1AF065E0219D53EB00F8F7A8 /* KerObject.h in Headers */,
				1AE0928921EDDA5600133215 /* StyleElement.h in Headers */,
				1AF065AC219D518200F8F7A8 /* jit.h in Headers */,
				1AF065C5219D52AC00F8F7A8 /* ui.h in Headers */,
				1AF065EC219D54E600F8F7A8 /* KerPageViewController.h in Headers */,
				1AF065C4219D52AC00F8F7A8 /* page.h in Headers */,
				1AE092A021F56F2300133215 /* PageElement.h in Headers */,
				1AF065A4219D518200F8F7A8 /* bio.h in Headers */,
				1AF065E8219D54AC00F8F7A8 /* KerPage.h in Headers */,
				1AF065F9219D555E00F8F7A8 /* UIScrollView+KerViewProtocol.h in Headers */,
				AC9BE92221F9A1A400D58282 /* stream.h in Headers */,
				1AE0929121EDF78C00133215 /* ViewElement.h in Headers */,
				1A3F5FAD21F7102600675633 /* BlockElement.h in Headers */,
				1AA4AC3F21BFBC3A00C636F5 /* zip.h in Headers */,
				1AF065FB219D555E00F8F7A8 /* UITextField+KerViewProtocol.h in Headers */,
				1A53C6E821B8EA2D00170AB7 /* KerURLProtocol.h in Headers */,
				1AF065B6219D51C000F8F7A8 /* duktape.h in Headers */,
				ACD6575521EE819E00D63256 /* TextElement.h in Headers */,
				1AF065CD219D52AC00F8F7A8 /* CGContext.h in Headers */,
				1A53C6F821BE154300170AB7 /* UIImage+Ker.h in Headers */,
				1AFDAF7A21E6EAC2000FAAE9 /* ssl.h in Headers */,
				1AA4AC4421BFBC3A00C636F5 /* crypt.h in Headers */,
			);
			runOnlyForDeploymentPostprocessing = 0;
		};
/* End PBXHeadersBuildPhase section */

/* Begin PBXNativeTarget section */
		1AF06587219D516000F8F7A8 /* Ker */ = {
			isa = PBXNativeTarget;
			buildConfigurationList = 1AF06590219D516000F8F7A8 /* Build configuration list for PBXNativeTarget "Ker" */;
			buildPhases = (
				1AF06583219D516000F8F7A8 /* Headers */,
				1AF06584219D516000F8F7A8 /* Sources */,
				1AF06585219D516000F8F7A8 /* Frameworks */,
				1AF06586219D516000F8F7A8 /* Resources */,
			);
			buildRules = (
			);
			dependencies = (
			);
			name = Ker;
			productName = Ker;
			productReference = 1AF06588219D516000F8F7A8 /* Ker.framework */;
			productType = "com.apple.product-type.framework";
		};
/* End PBXNativeTarget section */

/* Begin PBXProject section */
		1AF0657F219D516000F8F7A8 /* Project object */ = {
			isa = PBXProject;
			attributes = {
				LastUpgradeCheck = 1010;
				ORGANIZATIONNAME = kkmofang.cn;
				TargetAttributes = {
					1AA4AB6F21BE4DF600C636F5 = {
						CreatedOnToolsVersion = 10.1;
					};
					1AF06587219D516000F8F7A8 = {
						CreatedOnToolsVersion = 10.1;
					};
				};
			};
			buildConfigurationList = 1AF06582219D516000F8F7A8 /* Build configuration list for PBXProject "Ker" */;
			compatibilityVersion = "Xcode 9.3";
			developmentRegion = en;
			hasScannedForEncodings = 0;
			knownRegions = (
				en,
			);
			mainGroup = 1AF0657E219D516000F8F7A8;
			productRefGroup = 1AF06589219D516000F8F7A8 /* Products */;
			projectDirPath = "";
			projectRoot = "";
			targets = (
				1AF06587219D516000F8F7A8 /* Ker */,
				1AA4AB6F21BE4DF600C636F5 /* Ker.framework */,
			);
		};
/* End PBXProject section */

/* Begin PBXResourcesBuildPhase section */
		1AF06586219D516000F8F7A8 /* Resources */ = {
			isa = PBXResourcesBuildPhase;
			buildActionMask = 2147483647;
			files = (
			);
			runOnlyForDeploymentPostprocessing = 0;
		};
/* End PBXResourcesBuildPhase section */

/* Begin PBXShellScriptBuildPhase section */
		1AA4AB7521BE4DFE00C636F5 /* ShellScript */ = {
			isa = PBXShellScriptBuildPhase;
			buildActionMask = 2147483647;
			files = (
			);
			inputFileListPaths = (
			);
			inputPaths = (
			);
			outputFileListPaths = (
			);
			outputPaths = (
			);
			runOnlyForDeploymentPostprocessing = 0;
			shellPath = /bin/sh;
			shellScript = "\nFMK_NAME=${PROJECT_NAME}\n\nINSTALL_DIR=${SRCROOT}/../${FMK_NAME}.framework\n\nWRK_DIR=build\n\nDEVICE_DIR=${WRK_DIR}/Release-iphoneos/${FMK_NAME}.framework\n\nSIMULATOR_DIR=${WRK_DIR}/Release-iphonesimulator/${FMK_NAME}.framework\n\nxcodebuild -configuration \"Release\" -target \"${FMK_NAME}\" -sdk iphoneos clean build\n\nxcodebuild -configuration \"Release\" -target \"${FMK_NAME}\" -sdk iphonesimulator build\n\nif [ -d \"${INSTALL_DIR}\" ]\n\nthen\n\nrm -rf \"${INSTALL_DIR}\"\n\nfi\n\nmkdir -p \"${INSTALL_DIR}\"\n\ncp -R \"${DEVICE_DIR}/\" \"${INSTALL_DIR}/\"\n\nlipo -create \"${DEVICE_DIR}/${FMK_NAME}\" \"${SIMULATOR_DIR}/${FMK_NAME}\" -output \"${INSTALL_DIR}/${FMK_NAME}\"\n\nrm -r \"${WRK_DIR}\"\n\nopen \"${INSTALL_DIR}\"\n";
		};
/* End PBXShellScriptBuildPhase section */

/* Begin PBXSourcesBuildPhase section */
		1AF06584219D516000F8F7A8 /* Sources */ = {
			isa = PBXSourcesBuildPhase;
			buildActionMask = 2147483647;
			files = (
				1AF065E7219D54AC00F8F7A8 /* KerPage.mm in Sources */,
				1AF065DF219D53EB00F8F7A8 /* KerObject.mm in Sources */,
				1AF06600219D555E00F8F7A8 /* UIScrollView+KKViewProtocol.mm in Sources */,
				1AE0927D21EDB18200133215 /* archiver.cc in Sources */,
				1AF065CC219D52AC00F8F7A8 /* page.cc in Sources */,
				1AE91CDC21DE00770055C932 /* KerUI.mm in Sources */,
				1AE0928A21EDDA5600133215 /* StyleElement.cc in Sources */,
				1AE0928221EDBEDA00133215 /* document.cc in Sources */,
				1AF4CE3A21A56DF600AE1249 /* UILabel+KerViewProtocol.mm in Sources */,
				1AF06602219D555E00F8F7A8 /* WKWebView+KerViewProtocol.mm in Sources */,
				1AE91CD221DCB2510055C932 /* KerHttp.mm in Sources */,
				AC9BE91D21F99B2F00D58282 /* speex.cc in Sources */,
				1AF4CE3621A56B5A00AE1249 /* UIColor+Ker.mm in Sources */,
				1AF06604219D555E00F8F7A8 /* UITextField+KerViewProtocol.mm in Sources */,
				1AF065B7219D51C000F8F7A8 /* duktape.c in Sources */,
				1A3AF07421EC7F0B001C8759 /* WebSocket.cc in Sources */,
				ACB2A50721FF12E700C07902 /* BarElement.cc in Sources */,
				1AF065D1219D535A00F8F7A8 /* CGContext.mm in Sources */,
				1AA4AC0921BF5B3600C636F5 /* sqlite.cc in Sources */,
				1AA4AC3C21BFBC3A00C636F5 /* unzip.c in Sources */,
				1AE0928E21EDDC6C00133215 /* LayoutElement.cc in Sources */,
				1AA4AB4521BE30BC00C636F5 /* package.cc in Sources */,
				1AFDAF7221E4AC8A000FAAE9 /* net.cc in Sources */,
				1AFDAD2D21E34FBB000FAAE9 /* debugger.cc in Sources */,
				1AF065D5219D536D00F8F7A8 /* Image.mm in Sources */,
				1A53C6E921B8EA2D00170AB7 /* KerURLProtocol.m in Sources */,
				1AF065A9219D518200F8F7A8 /* bio.cc in Sources */,
				1A3F5FAE21F7102600675633 /* BlockElement.cc in Sources */,
				1A3AF07021E76454001C8759 /* ssl.cc in Sources */,
				1AE0929221EDF78C00133215 /* ViewElement.cc in Sources */,
				1AE91CBF21CB7AC80055C932 /* zombies.cc in Sources */,
				1AA4AC4721C21B2A00C636F5 /* crypto.cc in Sources */,
				ACD6575621EE819E00D63256 /* TextElement.cc in Sources */,
				1AF065FC219D555E00F8F7A8 /* UITextView+KerViewProtocol.mm in Sources */,
				1AF065EB219D54E600F8F7A8 /* KerPageViewController.m in Sources */,
				1AF065B0219D518200F8F7A8 /* jit.cc in Sources */,
				AC9BE95121FBE8BF00D58282 /* file.cc in Sources */,
				1AF065C7219D52AC00F8F7A8 /* app.cc in Sources */,
				AC9BE91921F9952200D58282 /* KerAudioSession.mm in Sources */,
				1AA4AC4121BFBC3A00C636F5 /* minizip.c in Sources */,
				1AF065AF219D518200F8F7A8 /* event.cc in Sources */,
				1AF065FF219D555E00F8F7A8 /* UIView+KerViewProtocol.mm in Sources */,
				AC9BE92321F9A1A400D58282 /* stream.cc in Sources */,
				1AA4AC3A21BFBC3A00C636F5 /* mztools.c in Sources */,
				1AE91CCA21D741C90055C932 /* KerWeak.m in Sources */,
				1A53C6F921BE154300170AB7 /* UIImage+Ker.mm in Sources */,
				1AE0929D21F56A8A00133215 /* KerView.mm in Sources */,
				1AF065A3219D518200F8F7A8 /* dispatch-GCD.cc in Sources */,
				AC9BE91321F9770400D58282 /* audio.cc in Sources */,
				1AF4CE3221A56A2000AE1249 /* UIFont+Ker.mm in Sources */,
				1AF065AA219D518200F8F7A8 /* kk.cc in Sources */,
				AC9BE91521F97E6500D58282 /* audio_AudioToolbox.cc in Sources */,
				1AE91CD621DDB84D0055C932 /* KerStrong.mm in Sources */,
				1AF065C6219D52AC00F8F7A8 /* view.cc in Sources */,
				1AF065AD219D518200F8F7A8 /* timer.cc in Sources */,
				1A3F5FB221F72CB400675633 /* ImageElement.cc in Sources */,
				1AE91CD021DCA1660055C932 /* uri.cc in Sources */,
				1AE91CCD21DC92290055C932 /* http.cc in Sources */,
				1AE092A121F56F2300133215 /* PageElement.cc in Sources */,
				1AA4AC4021BFBC3A00C636F5 /* ioapi.c in Sources */,
				1AF065D7219D537600F8F7A8 /* View.mm in Sources */,
				1AFDAD2A21E327C7000FAAE9 /* storage.cc in Sources */,
				1AF065CB219D52AC00F8F7A8 /* CGContext.cc in Sources */,
				1AA4AC3E21BFBC3A00C636F5 /* zip.c in Sources */,
				1A3F5FB721FAEDD100675633 /* screen.cc in Sources */,
				1AF065CA219D52AC00F8F7A8 /* ui.cc in Sources */,
				1A53C6C521B8C8D500170AB7 /* KerPageWindowController.m in Sources */,
				1AE0928621EDC31E00133215 /* element.cc in Sources */,
			);
			runOnlyForDeploymentPostprocessing = 0;
		};
/* End PBXSourcesBuildPhase section */

/* Begin PBXTargetDependency section */
		1AA4AB7421BE4DFB00C636F5 /* PBXTargetDependency */ = {
			isa = PBXTargetDependency;
			target = 1AF06587219D516000F8F7A8 /* Ker */;
			targetProxy = 1AA4AB7321BE4DFB00C636F5 /* PBXContainerItemProxy */;
		};
/* End PBXTargetDependency section */

/* Begin XCBuildConfiguration section */
		1AA4AB7121BE4DF600C636F5 /* Debug */ = {
			isa = XCBuildConfiguration;
			buildSettings = {
				CLANG_CXX_LANGUAGE_STANDARD = "c++0x";
				CODE_SIGN_STYLE = Automatic;
				DEVELOPMENT_TEAM = 8V7A9F9SCJ;
				PRODUCT_NAME = "$(TARGET_NAME)";
			};
			name = Debug;
		};
		1AA4AB7221BE4DF600C636F5 /* Release */ = {
			isa = XCBuildConfiguration;
			buildSettings = {
				CLANG_CXX_LANGUAGE_STANDARD = "c++0x";
				CODE_SIGN_STYLE = Automatic;
				DEVELOPMENT_TEAM = 8V7A9F9SCJ;
				PRODUCT_NAME = "$(TARGET_NAME)";
			};
			name = Release;
		};
		1AF0658E219D516000F8F7A8 /* Debug */ = {
			isa = XCBuildConfiguration;
			buildSettings = {
				ALWAYS_SEARCH_USER_PATHS = NO;
				CLANG_ANALYZER_NONNULL = YES;
				CLANG_ANALYZER_NUMBER_OBJECT_CONVERSION = YES_AGGRESSIVE;
				CLANG_CXX_LANGUAGE_STANDARD = "gnu++14";
				CLANG_CXX_LIBRARY = "libc++";
				CLANG_ENABLE_MODULES = YES;
				CLANG_ENABLE_OBJC_ARC = YES;
				CLANG_ENABLE_OBJC_WEAK = YES;
				CLANG_WARN_BLOCK_CAPTURE_AUTORELEASING = YES;
				CLANG_WARN_BOOL_CONVERSION = YES;
				CLANG_WARN_COMMA = YES;
				CLANG_WARN_CONSTANT_CONVERSION = YES;
				CLANG_WARN_DEPRECATED_OBJC_IMPLEMENTATIONS = YES;
				CLANG_WARN_DIRECT_OBJC_ISA_USAGE = YES_ERROR;
				CLANG_WARN_DOCUMENTATION_COMMENTS = YES;
				CLANG_WARN_EMPTY_BODY = YES;
				CLANG_WARN_ENUM_CONVERSION = YES;
				CLANG_WARN_INFINITE_RECURSION = YES;
				CLANG_WARN_INT_CONVERSION = YES;
				CLANG_WARN_NON_LITERAL_NULL_CONVERSION = YES;
				CLANG_WARN_OBJC_IMPLICIT_RETAIN_SELF = YES;
				CLANG_WARN_OBJC_LITERAL_CONVERSION = YES;
				CLANG_WARN_OBJC_ROOT_CLASS = YES_ERROR;
				CLANG_WARN_RANGE_LOOP_ANALYSIS = YES;
				CLANG_WARN_STRICT_PROTOTYPES = YES;
				CLANG_WARN_SUSPICIOUS_MOVE = YES;
				CLANG_WARN_UNGUARDED_AVAILABILITY = YES_AGGRESSIVE;
				CLANG_WARN_UNREACHABLE_CODE = YES;
				CLANG_WARN__DUPLICATE_METHOD_MATCH = YES;
				CODE_SIGN_IDENTITY = "iPhone Developer";
				COPY_PHASE_STRIP = NO;
				CURRENT_PROJECT_VERSION = 1;
				DEBUG_INFORMATION_FORMAT = dwarf;
				ENABLE_STRICT_OBJC_MSGSEND = YES;
				ENABLE_TESTABILITY = YES;
				GCC_C_LANGUAGE_STANDARD = gnu11;
				GCC_DYNAMIC_NO_PIC = NO;
				GCC_NO_COMMON_BLOCKS = YES;
				GCC_OPTIMIZATION_LEVEL = 0;
				GCC_PREPROCESSOR_DEFINITIONS = (
					"DEBUG=1",
					"$(inherited)",
				);
				GCC_WARN_64_TO_32_BIT_CONVERSION = YES;
				GCC_WARN_ABOUT_RETURN_TYPE = YES_ERROR;
				GCC_WARN_UNDECLARED_SELECTOR = YES;
				GCC_WARN_UNINITIALIZED_AUTOS = YES_AGGRESSIVE;
				GCC_WARN_UNUSED_FUNCTION = YES;
				GCC_WARN_UNUSED_VARIABLE = YES;
				IPHONEOS_DEPLOYMENT_TARGET = 12.1;
				MTL_ENABLE_DEBUG_INFO = INCLUDE_SOURCE;
				MTL_FAST_MATH = YES;
				ONLY_ACTIVE_ARCH = YES;
				SDKROOT = iphoneos;
				VERSIONING_SYSTEM = "apple-generic";
				VERSION_INFO_PREFIX = "";
			};
			name = Debug;
		};
		1AF0658F219D516000F8F7A8 /* Release */ = {
			isa = XCBuildConfiguration;
			buildSettings = {
				ALWAYS_SEARCH_USER_PATHS = NO;
				CLANG_ANALYZER_NONNULL = YES;
				CLANG_ANALYZER_NUMBER_OBJECT_CONVERSION = YES_AGGRESSIVE;
				CLANG_CXX_LANGUAGE_STANDARD = "gnu++14";
				CLANG_CXX_LIBRARY = "libc++";
				CLANG_ENABLE_MODULES = YES;
				CLANG_ENABLE_OBJC_ARC = YES;
				CLANG_ENABLE_OBJC_WEAK = YES;
				CLANG_WARN_BLOCK_CAPTURE_AUTORELEASING = YES;
				CLANG_WARN_BOOL_CONVERSION = YES;
				CLANG_WARN_COMMA = YES;
				CLANG_WARN_CONSTANT_CONVERSION = YES;
				CLANG_WARN_DEPRECATED_OBJC_IMPLEMENTATIONS = YES;
				CLANG_WARN_DIRECT_OBJC_ISA_USAGE = YES_ERROR;
				CLANG_WARN_DOCUMENTATION_COMMENTS = YES;
				CLANG_WARN_EMPTY_BODY = YES;
				CLANG_WARN_ENUM_CONVERSION = YES;
				CLANG_WARN_INFINITE_RECURSION = YES;
				CLANG_WARN_INT_CONVERSION = YES;
				CLANG_WARN_NON_LITERAL_NULL_CONVERSION = YES;
				CLANG_WARN_OBJC_IMPLICIT_RETAIN_SELF = YES;
				CLANG_WARN_OBJC_LITERAL_CONVERSION = YES;
				CLANG_WARN_OBJC_ROOT_CLASS = YES_ERROR;
				CLANG_WARN_RANGE_LOOP_ANALYSIS = YES;
				CLANG_WARN_STRICT_PROTOTYPES = YES;
				CLANG_WARN_SUSPICIOUS_MOVE = YES;
				CLANG_WARN_UNGUARDED_AVAILABILITY = YES_AGGRESSIVE;
				CLANG_WARN_UNREACHABLE_CODE = YES;
				CLANG_WARN__DUPLICATE_METHOD_MATCH = YES;
				CODE_SIGN_IDENTITY = "iPhone Developer";
				COPY_PHASE_STRIP = NO;
				CURRENT_PROJECT_VERSION = 1;
				DEBUG_INFORMATION_FORMAT = "dwarf-with-dsym";
				ENABLE_NS_ASSERTIONS = NO;
				ENABLE_STRICT_OBJC_MSGSEND = YES;
				GCC_C_LANGUAGE_STANDARD = gnu11;
				GCC_NO_COMMON_BLOCKS = YES;
				GCC_WARN_64_TO_32_BIT_CONVERSION = YES;
				GCC_WARN_ABOUT_RETURN_TYPE = YES_ERROR;
				GCC_WARN_UNDECLARED_SELECTOR = YES;
				GCC_WARN_UNINITIALIZED_AUTOS = YES_AGGRESSIVE;
				GCC_WARN_UNUSED_FUNCTION = YES;
				GCC_WARN_UNUSED_VARIABLE = YES;
				IPHONEOS_DEPLOYMENT_TARGET = 12.1;
				MTL_ENABLE_DEBUG_INFO = NO;
				MTL_FAST_MATH = YES;
				SDKROOT = iphoneos;
				VALIDATE_PRODUCT = YES;
				VERSIONING_SYSTEM = "apple-generic";
				VERSION_INFO_PREFIX = "";
			};
			name = Release;
		};
		1AF06591219D516000F8F7A8 /* Debug */ = {
			isa = XCBuildConfiguration;
			buildSettings = {
				CLANG_CXX_LANGUAGE_STANDARD = "gnu++0x";
				CODE_SIGN_IDENTITY = "";
				CODE_SIGN_STYLE = Automatic;
				DEFINES_MODULE = YES;
				DEVELOPMENT_TEAM = 8V7A9F9SCJ;
				DYLIB_COMPATIBILITY_VERSION = 1;
				DYLIB_CURRENT_VERSION = 1;
				DYLIB_INSTALL_NAME_BASE = "@rpath";
				HEADER_SEARCH_PATHS = (
					../../lib/duktape/src,
					../../,
					../../lib,
					../../lib/speex/include,
				);
				INFOPLIST_FILE = Ker/Info.plist;
				INSTALL_PATH = "$(LOCAL_LIBRARY_DIR)/Frameworks";
				IPHONEOS_DEPLOYMENT_TARGET = 9.0;
				LD_RUNPATH_SEARCH_PATHS = (
					"$(inherited)",
					"@executable_path/Frameworks",
					"@loader_path/Frameworks",
				);
				LIBRARY_SEARCH_PATHS = ../../lib/speex/ios;
				ONLY_ACTIVE_ARCH = YES;
				PRODUCT_BUNDLE_IDENTIFIER = cn.kkmofang.Ker;
				PRODUCT_NAME = "$(TARGET_NAME:c99extidentifier)";
				SKIP_INSTALL = YES;
				TARGETED_DEVICE_FAMILY = "1,2";
			};
			name = Debug;
		};
		1AF06592219D516000F8F7A8 /* Release */ = {
			isa = XCBuildConfiguration;
			buildSettings = {
				CLANG_CXX_LANGUAGE_STANDARD = "gnu++0x";
				CODE_SIGN_IDENTITY = "";
				CODE_SIGN_STYLE = Automatic;
				DEFINES_MODULE = YES;
				DEVELOPMENT_TEAM = 8V7A9F9SCJ;
				DYLIB_COMPATIBILITY_VERSION = 1;
				DYLIB_CURRENT_VERSION = 1;
				DYLIB_INSTALL_NAME_BASE = "@rpath";
				HEADER_SEARCH_PATHS = (
					../../lib/duktape/src,
					../../,
					../../lib,
					../../lib/speex/include,
				);
				INFOPLIST_FILE = Ker/Info.plist;
				INSTALL_PATH = "$(LOCAL_LIBRARY_DIR)/Frameworks";
				IPHONEOS_DEPLOYMENT_TARGET = 9.0;
				LD_RUNPATH_SEARCH_PATHS = (
					"$(inherited)",
					"@executable_path/Frameworks",
					"@loader_path/Frameworks",
				);
				LIBRARY_SEARCH_PATHS = ../../lib/speex/ios;
				PRODUCT_BUNDLE_IDENTIFIER = cn.kkmofang.Ker;
				PRODUCT_NAME = "$(TARGET_NAME:c99extidentifier)";
				SKIP_INSTALL = YES;
				TARGETED_DEVICE_FAMILY = "1,2";
			};
			name = Release;
		};
/* End XCBuildConfiguration section */

/* Begin XCConfigurationList section */
		1AA4AB7021BE4DF600C636F5 /* Build configuration list for PBXAggregateTarget "Ker.framework" */ = {
			isa = XCConfigurationList;
			buildConfigurations = (
				1AA4AB7121BE4DF600C636F5 /* Debug */,
				1AA4AB7221BE4DF600C636F5 /* Release */,
			);
			defaultConfigurationIsVisible = 0;
			defaultConfigurationName = Release;
		};
		1AF06582219D516000F8F7A8 /* Build configuration list for PBXProject "Ker" */ = {
			isa = XCConfigurationList;
			buildConfigurations = (
				1AF0658E219D516000F8F7A8 /* Debug */,
				1AF0658F219D516000F8F7A8 /* Release */,
			);
			defaultConfigurationIsVisible = 0;
			defaultConfigurationName = Release;
		};
		1AF06590219D516000F8F7A8 /* Build configuration list for PBXNativeTarget "Ker" */ = {
			isa = XCConfigurationList;
			buildConfigurations = (
				1AF06591219D516000F8F7A8 /* Debug */,
				1AF06592219D516000F8F7A8 /* Release */,
			);
			defaultConfigurationIsVisible = 0;
			defaultConfigurationName = Release;
		};
/* End XCConfigurationList section */
	};
	rootObject = 1AF0657F219D516000F8F7A8 /* Project object */;
}
